// !$*UTF8*$!
{
	archiveVersion = 1;
	classes = {
	};
	objectVersion = 52;
	objects = {

/* Begin PBXBuildFile section */
		11039BFA234E865F0022EE33 /* LensVisitorTests.swift in Sources */ = {isa = PBXBuildFile; fileRef = 11039BF8234E86590022EE33 /* LensVisitorTests.swift */; };
		11039BFC234E87DC0022EE33 /* LensGenerator.swift in Sources */ = {isa = PBXBuildFile; fileRef = 11039BFB234E87DC0022EE33 /* LensGenerator.swift */; };
		11039BFE234E881C0022EE33 /* LensGeneratorTests.swift in Sources */ = {isa = PBXBuildFile; fileRef = 11039BFD234E881C0022EE33 /* LensGeneratorTests.swift */; };
		11175E8023462ED000F26788 /* SnapshotTesting in Frameworks */ = {isa = PBXBuildFile; productRef = 11175E7F23462ED000F26788 /* SnapshotTesting */; };
		11175E862346310800F26788 /* Snapshotting+Codegen.swift in Sources */ = {isa = PBXBuildFile; fileRef = 11175E84234630FD00F26788 /* Snapshotting+Codegen.swift */; };
		111F8501234DCABB003FE646 /* CopyVisitorTests.swift in Sources */ = {isa = PBXBuildFile; fileRef = 111F84FF234DCA98003FE646 /* CopyVisitorTests.swift */; };
		111F8505234DCF6F003FE646 /* BowOptics in Frameworks */ = {isa = PBXBuildFile; productRef = 111F8504234DCF6F003FE646 /* BowOptics */; };
		111F8508234DD1BF003FE646 /* IsoVisitorTests.swift in Sources */ = {isa = PBXBuildFile; fileRef = 111F8506234DD16E003FE646 /* IsoVisitorTests.swift */; };
		111F850A234DD28D003FE646 /* IsoGenerator.swift in Sources */ = {isa = PBXBuildFile; fileRef = 111F8509234DD28D003FE646 /* IsoGenerator.swift */; };
		111F850D234DD2D6003FE646 /* IsoGeneratorTests.swift in Sources */ = {isa = PBXBuildFile; fileRef = 111F850B234DD2BE003FE646 /* IsoGeneratorTests.swift */; };
		113746C323439F9C00D9C1AD /* Meta.framework in Frameworks */ = {isa = PBXBuildFile; fileRef = 113746B923439F9C00D9C1AD /* Meta.framework */; };
		113746DC2343A3F500D9C1AD /* SwiftSyntax in Frameworks */ = {isa = PBXBuildFile; productRef = 113746DB2343A3F500D9C1AD /* SwiftSyntax */; };
		113746DF2343A43700D9C1AD /* BowEffects in Frameworks */ = {isa = PBXBuildFile; productRef = 113746DE2343A43700D9C1AD /* BowEffects */; };
		113746E12343A43700D9C1AD /* Bow in Frameworks */ = {isa = PBXBuildFile; productRef = 113746E02343A43700D9C1AD /* Bow */; };
		114333F8234B355800BFF775 /* GenerateCode.swift in Sources */ = {isa = PBXBuildFile; fileRef = 114333F7234B355800BFF775 /* GenerateCode.swift */; };
		114333FF234B3E0700BFF775 /* CopyGeneratorTests.swift in Sources */ = {isa = PBXBuildFile; fileRef = 114333FD234B3DC700BFF775 /* CopyGeneratorTests.swift */; };
		1143340B234B401100BFF775 /* Company.swift in Sources */ = {isa = PBXBuildFile; fileRef = 114333FB234B3A6900BFF775 /* Company.swift */; };
		1143340C234B401600BFF775 /* README.md in Resources */ = {isa = PBXBuildFile; fileRef = 11433408234B3F8400BFF775 /* README.md */; };
		1143340F234B430C00BFF775 /* Set.swift in Sources */ = {isa = PBXBuildFile; fileRef = 1143340E234B430C00BFF775 /* Set.swift */; };
		11433412234B439200BFF775 /* FileSystem.swift in Sources */ = {isa = PBXBuildFile; fileRef = 11433411234B439200BFF775 /* FileSystem.swift */; };
		11433415234B45FF00BFF775 /* MacFileSystem.swift in Sources */ = {isa = PBXBuildFile; fileRef = 11433414234B45FF00BFF775 /* MacFileSystem.swift */; };
		11433417234B468D00BFF775 /* CodeGenerator.swift in Sources */ = {isa = PBXBuildFile; fileRef = 11433416234B468D00BFF775 /* CodeGenerator.swift */; };
		1143341D234B4B4600BFF775 /* SwiftSyntaxGenerator.swift in Sources */ = {isa = PBXBuildFile; fileRef = 1143341C234B4B4600BFF775 /* SwiftSyntaxGenerator.swift */; };
		1143341F234B4F3700BFF775 /* Kleisli.swift in Sources */ = {isa = PBXBuildFile; fileRef = 1143341E234B4F3700BFF775 /* Kleisli.swift */; };
		11433421234B4FAA00BFF775 /* IO.swift in Sources */ = {isa = PBXBuildFile; fileRef = 11433420234B4FAA00BFF775 /* IO.swift */; };
		11433423234B50E200BFF775 /* CopyGenerator.swift in Sources */ = {isa = PBXBuildFile; fileRef = 11433422234B50E200BFF775 /* CopyGenerator.swift */; };
		11433433234B75C600BFF775 /* OpticsGenerator.framework in Frameworks */ = {isa = PBXBuildFile; fileRef = 1143342A234B75C600BFF775 /* OpticsGenerator.framework */; };
		1143344B234B766000BFF775 /* main.swift in Sources */ = {isa = PBXBuildFile; fileRef = 11433444234B763100BFF775 /* main.swift */; };
		116867FB234F4AB800976262 /* OptionalVisitorTests.swift in Sources */ = {isa = PBXBuildFile; fileRef = 116867F9234F4A6F00976262 /* OptionalVisitorTests.swift */; };
		116867FD234F4D2D00976262 /* OptionalGenerator.swift in Sources */ = {isa = PBXBuildFile; fileRef = 116867FC234F4D2D00976262 /* OptionalGenerator.swift */; };
		116867FF234F4D9500976262 /* OptionalGeneratorTests.swift in Sources */ = {isa = PBXBuildFile; fileRef = 116867FE234F4D9500976262 /* OptionalGeneratorTests.swift */; };
		11686807234F6D4300976262 /* TraversalVisitorTests.swift in Sources */ = {isa = PBXBuildFile; fileRef = 11686806234F6D4300976262 /* TraversalVisitorTests.swift */; };
		119DD09B2344E35400E1E62D /* Author.swift in Sources */ = {isa = PBXBuildFile; fileRef = 119DD0992344E35200E1E62D /* Author.swift */; };
		119DD0A02344E3F100E1E62D /* ImportVisitorTests.swift in Sources */ = {isa = PBXBuildFile; fileRef = 119DD09E2344E3E600E1E62D /* ImportVisitorTests.swift */; };
		119DD0A32344E5C100E1E62D /* FieldVisitorTests.swift in Sources */ = {isa = PBXBuildFile; fileRef = 119DD0A12344E5BC00E1E62D /* FieldVisitorTests.swift */; };
		11F274C4234F6F2F00BC4CFB /* TraversalGenerator.swift in Sources */ = {isa = PBXBuildFile; fileRef = 11F274C3234F6F2F00BC4CFB /* TraversalGenerator.swift */; };
		11F274C6234F6F5F00BC4CFB /* TraversalGeneratorTests.swift in Sources */ = {isa = PBXBuildFile; fileRef = 11F274C5234F6F5F00BC4CFB /* TraversalGeneratorTests.swift */; };
		11F274CE234F7BF000BC4CFB /* FoldVisitorTests.swift in Sources */ = {isa = PBXBuildFile; fileRef = 11F274CC234F7BE900BC4CFB /* FoldVisitorTests.swift */; };
		11F274D0234F7C5300BC4CFB /* FoldGenerator.swift in Sources */ = {isa = PBXBuildFile; fileRef = 11F274CF234F7C5300BC4CFB /* FoldGenerator.swift */; };
		11F274D3234F7CF100BC4CFB /* FoldGeneratorTests.swift in Sources */ = {isa = PBXBuildFile; fileRef = 11F274D1234F7CE000BC4CFB /* FoldGeneratorTests.swift */; };
		8B249B522369E2330081A80A /* testGetterEnumGeneratorMultipleFile.1.swift in Sources */ = {isa = PBXBuildFile; fileRef = 8B249B432369E2330081A80A /* testGetterEnumGeneratorMultipleFile.1.swift */; };
		8B249B532369E2330081A80A /* testLensGeneratorMultipleFiles.1.swift in Sources */ = {isa = PBXBuildFile; fileRef = 8B249B452369E2330081A80A /* testLensGeneratorMultipleFiles.1.swift */; };
		8B249B542369E2330081A80A /* testFoldGeneratorMultipleFiles.1.swift in Sources */ = {isa = PBXBuildFile; fileRef = 8B249B472369E2330081A80A /* testFoldGeneratorMultipleFiles.1.swift */; };
		8B249B552369E2330081A80A /* testCopyGeneratorMultipleFiles.1.swift in Sources */ = {isa = PBXBuildFile; fileRef = 8B249B492369E2330081A80A /* testCopyGeneratorMultipleFiles.1.swift */; };
		8B249B562369E2330081A80A /* testIsoGeneratorMultipleFiles.1.swift in Sources */ = {isa = PBXBuildFile; fileRef = 8B249B4B2369E2330081A80A /* testIsoGeneratorMultipleFiles.1.swift */; };
		8B249B572369E2330081A80A /* testOptionalGeneratorMultipleFiles.1.swift in Sources */ = {isa = PBXBuildFile; fileRef = 8B249B4D2369E2330081A80A /* testOptionalGeneratorMultipleFiles.1.swift */; };
		8B249B592369E2330081A80A /* testTraversalGeneratorMultipleFiles.1.swift in Sources */ = {isa = PBXBuildFile; fileRef = 8B249B512369E2330081A80A /* testTraversalGeneratorMultipleFiles.1.swift */; };
		8B249B5A2369E26B0081A80A /* Article.swift in Sources */ = {isa = PBXBuildFile; fileRef = 119DD0962344E27000E1E62D /* Article.swift */; };
		8B249B6A2369E3DD0081A80A /* CopyVisitor.swift in Sources */ = {isa = PBXBuildFile; fileRef = 8B249B5B2369E3DD0081A80A /* CopyVisitor.swift */; };
		8B249B6B2369E3DD0081A80A /* GetterEnumVisitor.swift in Sources */ = {isa = PBXBuildFile; fileRef = 8B249B5C2369E3DD0081A80A /* GetterEnumVisitor.swift */; };
		8B249B6C2369E3DD0081A80A /* TraversalVisitor.swift in Sources */ = {isa = PBXBuildFile; fileRef = 8B249B5D2369E3DD0081A80A /* TraversalVisitor.swift */; };
		8B249B6D2369E3DD0081A80A /* FoldVisitor.swift in Sources */ = {isa = PBXBuildFile; fileRef = 8B249B5E2369E3DD0081A80A /* FoldVisitor.swift */; };
		8B249B6E2369E3DD0081A80A /* CodegenVisitor.swift in Sources */ = {isa = PBXBuildFile; fileRef = 8B249B5F2369E3DD0081A80A /* CodegenVisitor.swift */; };
		8B249B6F2369E3DD0081A80A /* ImportVisitor.swift in Sources */ = {isa = PBXBuildFile; fileRef = 8B249B602369E3DD0081A80A /* ImportVisitor.swift */; };
		8B249B702369E3DD0081A80A /* ComputedPropertyVisitor.swift in Sources */ = {isa = PBXBuildFile; fileRef = 8B249B612369E3DD0081A80A /* ComputedPropertyVisitor.swift */; };
		8B249B712369E3DD0081A80A /* Visitor.swift in Sources */ = {isa = PBXBuildFile; fileRef = 8B249B622369E3DD0081A80A /* Visitor.swift */; };
		8B249B722369E3DD0081A80A /* IsoVisitor.swift in Sources */ = {isa = PBXBuildFile; fileRef = 8B249B632369E3DD0081A80A /* IsoVisitor.swift */; };
		8B249B732369E3DD0081A80A /* FieldVisitor.swift in Sources */ = {isa = PBXBuildFile; fileRef = 8B249B642369E3DD0081A80A /* FieldVisitor.swift */; };
		8B249B742369E3DD0081A80A /* LensVisitor.swift in Sources */ = {isa = PBXBuildFile; fileRef = 8B249B652369E3DD0081A80A /* LensVisitor.swift */; };
		8B249B752369E3DD0081A80A /* PrismVisitor.swift in Sources */ = {isa = PBXBuildFile; fileRef = 8B249B662369E3DD0081A80A /* PrismVisitor.swift */; };
		8B249B762369E3DD0081A80A /* OptionalVisitor.swift in Sources */ = {isa = PBXBuildFile; fileRef = 8B249B672369E3DD0081A80A /* OptionalVisitor.swift */; };
		8B249B772369E3DD0081A80A /* ChilVisitor.swift in Sources */ = {isa = PBXBuildFile; fileRef = 8B249B682369E3DD0081A80A /* ChilVisitor.swift */; };
		8B249B782369E3DD0081A80A /* CaseVisitor.swift in Sources */ = {isa = PBXBuildFile; fileRef = 8B249B692369E3DD0081A80A /* CaseVisitor.swift */; };
		8B249B7D2369E3EA0081A80A /* NodeSyntax.swift in Sources */ = {isa = PBXBuildFile; fileRef = 8B249B7A2369E3EA0081A80A /* NodeSyntax.swift */; };
		8B249B7E2369E3EA0081A80A /* Branch.swift in Sources */ = {isa = PBXBuildFile; fileRef = 8B249B7B2369E3EA0081A80A /* Branch.swift */; };
		8B249B7F2369E3EA0081A80A /* SyntaxModifier.swift in Sources */ = {isa = PBXBuildFile; fileRef = 8B249B7C2369E3EA0081A80A /* SyntaxModifier.swift */; };
		8B249B872369EB7C0081A80A /* testPrismGeneratorMultipleFile.1.swift in Sources */ = {isa = PBXBuildFile; fileRef = 8B249B862369EB7C0081A80A /* testPrismGeneratorMultipleFile.1.swift */; };
		8B2D413C2361D91400EBFC88 /* PrismGenerator.swift in Sources */ = {isa = PBXBuildFile; fileRef = 8B2D413B2361D91400EBFC88 /* PrismGenerator.swift */; };
		8B2D41412361E0F100EBFC88 /* PrismGeneratorTests.swift in Sources */ = {isa = PBXBuildFile; fileRef = 8B2D41402361E0F100EBFC88 /* PrismGeneratorTests.swift */; };
		8B2D41432361E1BE00EBFC88 /* PrismVisitorTests.swift in Sources */ = {isa = PBXBuildFile; fileRef = 8B2D41422361E1BE00EBFC88 /* PrismVisitorTests.swift */; };
		8B3FD56723630ABE001AD7B7 /* CaseVisitorTests.swift in Sources */ = {isa = PBXBuildFile; fileRef = 8B3FD56623630ABE001AD7B7 /* CaseVisitorTests.swift */; };
		8B3FD57B23632F7F001AD7B7 /* String+NoArray.swift in Sources */ = {isa = PBXBuildFile; fileRef = 8B3FD57923632F7A001AD7B7 /* String+NoArray.swift */; };
		8B3FD5852366ECE7001AD7B7 /* GetterEnumGenerator.swift in Sources */ = {isa = PBXBuildFile; fileRef = 8B3FD5842366ECE7001AD7B7 /* GetterEnumGenerator.swift */; };
		8B3FD5872366ED3D001AD7B7 /* GetterEnumVisitorTests.swift in Sources */ = {isa = PBXBuildFile; fileRef = 8B3FD5862366ED3D001AD7B7 /* GetterEnumVisitorTests.swift */; };
		8B3FD5BC2367107E001AD7B7 /* String+Extensions.swift in Sources */ = {isa = PBXBuildFile; fileRef = 8B3FD5BA2367107B001AD7B7 /* String+Extensions.swift */; };
		8B3FD5C02367261D001AD7B7 /* GetterEnumGeneratorTests.swift in Sources */ = {isa = PBXBuildFile; fileRef = 8B3FD5BF2367261D001AD7B7 /* GetterEnumGeneratorTests.swift */; };
		8B3FD5EC23673D7F001AD7B7 /* __Snapshots__ in Resources */ = {isa = PBXBuildFile; fileRef = 8B3FD5EB23673D7F001AD7B7 /* __Snapshots__ */; };
		8BFE7E3E234DE843003E97BF /* URL+Paths.swift in Sources */ = {isa = PBXBuildFile; fileRef = 8BFE7E3D234DE843003E97BF /* URL+Paths.swift */; };
/* End PBXBuildFile section */

/* Begin PBXContainerItemProxy section */
		113746C423439F9C00D9C1AD /* PBXContainerItemProxy */ = {
			isa = PBXContainerItemProxy;
			containerPortal = 113746B023439F9C00D9C1AD /* Project object */;
			proxyType = 1;
			remoteGlobalIDString = 113746B823439F9C00D9C1AD;
			remoteInfo = "bow-meta";
		};
		11433434234B75C600BFF775 /* PBXContainerItemProxy */ = {
			isa = PBXContainerItemProxy;
			containerPortal = 113746B023439F9C00D9C1AD /* Project object */;
			proxyType = 1;
			remoteGlobalIDString = 11433429234B75C600BFF775;
			remoteInfo = OpticsGenerator;
		};
		11433446234B763D00BFF775 /* PBXContainerItemProxy */ = {
			isa = PBXContainerItemProxy;
			containerPortal = 113746B023439F9C00D9C1AD /* Project object */;
			proxyType = 1;
			remoteGlobalIDString = 113746B823439F9C00D9C1AD;
			remoteInfo = Meta;
		};
/* End PBXContainerItemProxy section */

/* Begin PBXFileReference section */
		11039BF8234E86590022EE33 /* LensVisitorTests.swift */ = {isa = PBXFileReference; lastKnownFileType = sourcecode.swift; path = LensVisitorTests.swift; sourceTree = "<group>"; };
		11039BFB234E87DC0022EE33 /* LensGenerator.swift */ = {isa = PBXFileReference; lastKnownFileType = sourcecode.swift; path = LensGenerator.swift; sourceTree = "<group>"; };
		11039BFD234E881C0022EE33 /* LensGeneratorTests.swift */ = {isa = PBXFileReference; lastKnownFileType = sourcecode.swift; path = LensGeneratorTests.swift; sourceTree = "<group>"; };
		11175E84234630FD00F26788 /* Snapshotting+Codegen.swift */ = {isa = PBXFileReference; lastKnownFileType = sourcecode.swift; path = "Snapshotting+Codegen.swift"; sourceTree = "<group>"; };
		111F84FF234DCA98003FE646 /* CopyVisitorTests.swift */ = {isa = PBXFileReference; lastKnownFileType = sourcecode.swift; path = CopyVisitorTests.swift; sourceTree = "<group>"; };
		111F8506234DD16E003FE646 /* IsoVisitorTests.swift */ = {isa = PBXFileReference; lastKnownFileType = sourcecode.swift; path = IsoVisitorTests.swift; sourceTree = "<group>"; };
		111F8509234DD28D003FE646 /* IsoGenerator.swift */ = {isa = PBXFileReference; lastKnownFileType = sourcecode.swift; path = IsoGenerator.swift; sourceTree = "<group>"; };
		111F850B234DD2BE003FE646 /* IsoGeneratorTests.swift */ = {isa = PBXFileReference; lastKnownFileType = sourcecode.swift; path = IsoGeneratorTests.swift; sourceTree = "<group>"; };
		113746B923439F9C00D9C1AD /* Meta.framework */ = {isa = PBXFileReference; explicitFileType = wrapper.framework; includeInIndex = 0; path = Meta.framework; sourceTree = BUILT_PRODUCTS_DIR; };
		113746BD23439F9C00D9C1AD /* Info.plist */ = {isa = PBXFileReference; lastKnownFileType = text.plist.xml; path = Info.plist; sourceTree = "<group>"; };
		113746C223439F9C00D9C1AD /* MetaTests.xctest */ = {isa = PBXFileReference; explicitFileType = wrapper.cfbundle; includeInIndex = 0; path = MetaTests.xctest; sourceTree = BUILT_PRODUCTS_DIR; };
		113746C923439F9C00D9C1AD /* Info.plist */ = {isa = PBXFileReference; lastKnownFileType = text.plist.xml; path = Info.plist; sourceTree = "<group>"; };
		113746D72343A0CD00D9C1AD /* MetaTests-Bridging-Header.h */ = {isa = PBXFileReference; lastKnownFileType = sourcecode.c.h; path = "MetaTests-Bridging-Header.h"; sourceTree = "<group>"; };
		114333F7234B355800BFF775 /* GenerateCode.swift */ = {isa = PBXFileReference; lastKnownFileType = sourcecode.swift; path = GenerateCode.swift; sourceTree = "<group>"; };
		114333FB234B3A6900BFF775 /* Company.swift */ = {isa = PBXFileReference; lastKnownFileType = sourcecode.swift; path = Company.swift; sourceTree = "<group>"; };
		114333FD234B3DC700BFF775 /* CopyGeneratorTests.swift */ = {isa = PBXFileReference; lastKnownFileType = sourcecode.swift; path = CopyGeneratorTests.swift; sourceTree = "<group>"; };
		11433408234B3F8400BFF775 /* README.md */ = {isa = PBXFileReference; lastKnownFileType = net.daringfireball.markdown; path = README.md; sourceTree = "<group>"; };
		1143340E234B430C00BFF775 /* Set.swift */ = {isa = PBXFileReference; lastKnownFileType = sourcecode.swift; path = Set.swift; sourceTree = "<group>"; };
		11433411234B439200BFF775 /* FileSystem.swift */ = {isa = PBXFileReference; lastKnownFileType = sourcecode.swift; path = FileSystem.swift; sourceTree = "<group>"; };
		11433414234B45FF00BFF775 /* MacFileSystem.swift */ = {isa = PBXFileReference; lastKnownFileType = sourcecode.swift; path = MacFileSystem.swift; sourceTree = "<group>"; };
		11433416234B468D00BFF775 /* CodeGenerator.swift */ = {isa = PBXFileReference; lastKnownFileType = sourcecode.swift; path = CodeGenerator.swift; sourceTree = "<group>"; };
		1143341C234B4B4600BFF775 /* SwiftSyntaxGenerator.swift */ = {isa = PBXFileReference; lastKnownFileType = sourcecode.swift; path = SwiftSyntaxGenerator.swift; sourceTree = "<group>"; };
		1143341E234B4F3700BFF775 /* Kleisli.swift */ = {isa = PBXFileReference; lastKnownFileType = sourcecode.swift; path = Kleisli.swift; sourceTree = "<group>"; };
		11433420234B4FAA00BFF775 /* IO.swift */ = {isa = PBXFileReference; lastKnownFileType = sourcecode.swift; path = IO.swift; sourceTree = "<group>"; };
		11433422234B50E200BFF775 /* CopyGenerator.swift */ = {isa = PBXFileReference; lastKnownFileType = sourcecode.swift; path = CopyGenerator.swift; sourceTree = "<group>"; };
		1143342A234B75C600BFF775 /* OpticsGenerator.framework */ = {isa = PBXFileReference; explicitFileType = wrapper.framework; includeInIndex = 0; path = OpticsGenerator.framework; sourceTree = BUILT_PRODUCTS_DIR; };
		1143342D234B75C600BFF775 /* Info.plist */ = {isa = PBXFileReference; lastKnownFileType = text.plist.xml; path = Info.plist; sourceTree = "<group>"; };
		11433432234B75C600BFF775 /* OpticsGeneratorTests.xctest */ = {isa = PBXFileReference; explicitFileType = wrapper.cfbundle; includeInIndex = 0; path = OpticsGeneratorTests.xctest; sourceTree = BUILT_PRODUCTS_DIR; };
		11433439234B75C600BFF775 /* Info.plist */ = {isa = PBXFileReference; lastKnownFileType = text.plist.xml; path = Info.plist; sourceTree = "<group>"; };
		11433444234B763100BFF775 /* main.swift */ = {isa = PBXFileReference; lastKnownFileType = sourcecode.swift; path = main.swift; sourceTree = "<group>"; };
		116867F9234F4A6F00976262 /* OptionalVisitorTests.swift */ = {isa = PBXFileReference; lastKnownFileType = sourcecode.swift; path = OptionalVisitorTests.swift; sourceTree = "<group>"; };
		116867FC234F4D2D00976262 /* OptionalGenerator.swift */ = {isa = PBXFileReference; lastKnownFileType = sourcecode.swift; path = OptionalGenerator.swift; sourceTree = "<group>"; };
		116867FE234F4D9500976262 /* OptionalGeneratorTests.swift */ = {isa = PBXFileReference; lastKnownFileType = sourcecode.swift; path = OptionalGeneratorTests.swift; sourceTree = "<group>"; };
		11686806234F6D4300976262 /* TraversalVisitorTests.swift */ = {isa = PBXFileReference; lastKnownFileType = sourcecode.swift; path = TraversalVisitorTests.swift; sourceTree = "<group>"; };
		119DD0962344E27000E1E62D /* Article.swift */ = {isa = PBXFileReference; lastKnownFileType = sourcecode.swift; path = Article.swift; sourceTree = "<group>"; };
		119DD0992344E35200E1E62D /* Author.swift */ = {isa = PBXFileReference; lastKnownFileType = sourcecode.swift; path = Author.swift; sourceTree = "<group>"; };
		119DD09E2344E3E600E1E62D /* ImportVisitorTests.swift */ = {isa = PBXFileReference; lastKnownFileType = sourcecode.swift; path = ImportVisitorTests.swift; sourceTree = "<group>"; };
		119DD0A12344E5BC00E1E62D /* FieldVisitorTests.swift */ = {isa = PBXFileReference; lastKnownFileType = sourcecode.swift; path = FieldVisitorTests.swift; sourceTree = "<group>"; };
		11F274C3234F6F2F00BC4CFB /* TraversalGenerator.swift */ = {isa = PBXFileReference; lastKnownFileType = sourcecode.swift; path = TraversalGenerator.swift; sourceTree = "<group>"; };
		11F274C5234F6F5F00BC4CFB /* TraversalGeneratorTests.swift */ = {isa = PBXFileReference; lastKnownFileType = sourcecode.swift; path = TraversalGeneratorTests.swift; sourceTree = "<group>"; };
		11F274CC234F7BE900BC4CFB /* FoldVisitorTests.swift */ = {isa = PBXFileReference; lastKnownFileType = sourcecode.swift; path = FoldVisitorTests.swift; sourceTree = "<group>"; };
		11F274CF234F7C5300BC4CFB /* FoldGenerator.swift */ = {isa = PBXFileReference; lastKnownFileType = sourcecode.swift; path = FoldGenerator.swift; sourceTree = "<group>"; };
		11F274D1234F7CE000BC4CFB /* FoldGeneratorTests.swift */ = {isa = PBXFileReference; lastKnownFileType = sourcecode.swift; path = FoldGeneratorTests.swift; sourceTree = "<group>"; };
		8B249B432369E2330081A80A /* testGetterEnumGeneratorMultipleFile.1.swift */ = {isa = PBXFileReference; fileEncoding = 4; lastKnownFileType = sourcecode.swift; path = testGetterEnumGeneratorMultipleFile.1.swift; sourceTree = "<group>"; };
		8B249B452369E2330081A80A /* testLensGeneratorMultipleFiles.1.swift */ = {isa = PBXFileReference; fileEncoding = 4; lastKnownFileType = sourcecode.swift; path = testLensGeneratorMultipleFiles.1.swift; sourceTree = "<group>"; };
		8B249B472369E2330081A80A /* testFoldGeneratorMultipleFiles.1.swift */ = {isa = PBXFileReference; fileEncoding = 4; lastKnownFileType = sourcecode.swift; path = testFoldGeneratorMultipleFiles.1.swift; sourceTree = "<group>"; };
		8B249B492369E2330081A80A /* testCopyGeneratorMultipleFiles.1.swift */ = {isa = PBXFileReference; fileEncoding = 4; lastKnownFileType = sourcecode.swift; path = testCopyGeneratorMultipleFiles.1.swift; sourceTree = "<group>"; };
		8B249B4B2369E2330081A80A /* testIsoGeneratorMultipleFiles.1.swift */ = {isa = PBXFileReference; fileEncoding = 4; lastKnownFileType = sourcecode.swift; path = testIsoGeneratorMultipleFiles.1.swift; sourceTree = "<group>"; };
		8B249B4D2369E2330081A80A /* testOptionalGeneratorMultipleFiles.1.swift */ = {isa = PBXFileReference; fileEncoding = 4; lastKnownFileType = sourcecode.swift; path = testOptionalGeneratorMultipleFiles.1.swift; sourceTree = "<group>"; };
		8B249B512369E2330081A80A /* testTraversalGeneratorMultipleFiles.1.swift */ = {isa = PBXFileReference; fileEncoding = 4; lastKnownFileType = sourcecode.swift; path = testTraversalGeneratorMultipleFiles.1.swift; sourceTree = "<group>"; };
		8B249B5B2369E3DD0081A80A /* CopyVisitor.swift */ = {isa = PBXFileReference; fileEncoding = 4; lastKnownFileType = sourcecode.swift; path = CopyVisitor.swift; sourceTree = "<group>"; };
		8B249B5C2369E3DD0081A80A /* GetterEnumVisitor.swift */ = {isa = PBXFileReference; fileEncoding = 4; lastKnownFileType = sourcecode.swift; path = GetterEnumVisitor.swift; sourceTree = "<group>"; };
		8B249B5D2369E3DD0081A80A /* TraversalVisitor.swift */ = {isa = PBXFileReference; fileEncoding = 4; lastKnownFileType = sourcecode.swift; path = TraversalVisitor.swift; sourceTree = "<group>"; };
		8B249B5E2369E3DD0081A80A /* FoldVisitor.swift */ = {isa = PBXFileReference; fileEncoding = 4; lastKnownFileType = sourcecode.swift; path = FoldVisitor.swift; sourceTree = "<group>"; };
		8B249B5F2369E3DD0081A80A /* CodegenVisitor.swift */ = {isa = PBXFileReference; fileEncoding = 4; lastKnownFileType = sourcecode.swift; path = CodegenVisitor.swift; sourceTree = "<group>"; };
		8B249B602369E3DD0081A80A /* ImportVisitor.swift */ = {isa = PBXFileReference; fileEncoding = 4; lastKnownFileType = sourcecode.swift; path = ImportVisitor.swift; sourceTree = "<group>"; };
		8B249B612369E3DD0081A80A /* ComputedPropertyVisitor.swift */ = {isa = PBXFileReference; fileEncoding = 4; lastKnownFileType = sourcecode.swift; path = ComputedPropertyVisitor.swift; sourceTree = "<group>"; };
		8B249B622369E3DD0081A80A /* Visitor.swift */ = {isa = PBXFileReference; fileEncoding = 4; lastKnownFileType = sourcecode.swift; path = Visitor.swift; sourceTree = "<group>"; };
		8B249B632369E3DD0081A80A /* IsoVisitor.swift */ = {isa = PBXFileReference; fileEncoding = 4; lastKnownFileType = sourcecode.swift; path = IsoVisitor.swift; sourceTree = "<group>"; };
		8B249B642369E3DD0081A80A /* FieldVisitor.swift */ = {isa = PBXFileReference; fileEncoding = 4; lastKnownFileType = sourcecode.swift; path = FieldVisitor.swift; sourceTree = "<group>"; };
		8B249B652369E3DD0081A80A /* LensVisitor.swift */ = {isa = PBXFileReference; fileEncoding = 4; lastKnownFileType = sourcecode.swift; path = LensVisitor.swift; sourceTree = "<group>"; };
		8B249B662369E3DD0081A80A /* PrismVisitor.swift */ = {isa = PBXFileReference; fileEncoding = 4; lastKnownFileType = sourcecode.swift; path = PrismVisitor.swift; sourceTree = "<group>"; };
		8B249B672369E3DD0081A80A /* OptionalVisitor.swift */ = {isa = PBXFileReference; fileEncoding = 4; lastKnownFileType = sourcecode.swift; path = OptionalVisitor.swift; sourceTree = "<group>"; };
		8B249B682369E3DD0081A80A /* ChilVisitor.swift */ = {isa = PBXFileReference; fileEncoding = 4; lastKnownFileType = sourcecode.swift; path = ChilVisitor.swift; sourceTree = "<group>"; };
		8B249B692369E3DD0081A80A /* CaseVisitor.swift */ = {isa = PBXFileReference; fileEncoding = 4; lastKnownFileType = sourcecode.swift; path = CaseVisitor.swift; sourceTree = "<group>"; };
		8B249B7A2369E3EA0081A80A /* NodeSyntax.swift */ = {isa = PBXFileReference; fileEncoding = 4; lastKnownFileType = sourcecode.swift; path = NodeSyntax.swift; sourceTree = "<group>"; };
		8B249B7B2369E3EA0081A80A /* Branch.swift */ = {isa = PBXFileReference; fileEncoding = 4; lastKnownFileType = sourcecode.swift; path = Branch.swift; sourceTree = "<group>"; };
		8B249B7C2369E3EA0081A80A /* SyntaxModifier.swift */ = {isa = PBXFileReference; fileEncoding = 4; lastKnownFileType = sourcecode.swift; path = SyntaxModifier.swift; sourceTree = "<group>"; };
		8B249B862369EB7C0081A80A /* testPrismGeneratorMultipleFile.1.swift */ = {isa = PBXFileReference; fileEncoding = 4; lastKnownFileType = sourcecode.swift; path = testPrismGeneratorMultipleFile.1.swift; sourceTree = "<group>"; };
		8B2D413B2361D91400EBFC88 /* PrismGenerator.swift */ = {isa = PBXFileReference; lastKnownFileType = sourcecode.swift; path = PrismGenerator.swift; sourceTree = "<group>"; };
		8B2D41402361E0F100EBFC88 /* PrismGeneratorTests.swift */ = {isa = PBXFileReference; fileEncoding = 4; lastKnownFileType = sourcecode.swift; path = PrismGeneratorTests.swift; sourceTree = "<group>"; };
		8B2D41422361E1BE00EBFC88 /* PrismVisitorTests.swift */ = {isa = PBXFileReference; fileEncoding = 4; lastKnownFileType = sourcecode.swift; path = PrismVisitorTests.swift; sourceTree = "<group>"; };
		8B3FD56623630ABE001AD7B7 /* CaseVisitorTests.swift */ = {isa = PBXFileReference; fileEncoding = 4; lastKnownFileType = sourcecode.swift; path = CaseVisitorTests.swift; sourceTree = "<group>"; };
		8B3FD57923632F7A001AD7B7 /* String+NoArray.swift */ = {isa = PBXFileReference; fileEncoding = 4; lastKnownFileType = sourcecode.swift; path = "String+NoArray.swift"; sourceTree = "<group>"; };
		8B3FD5842366ECE7001AD7B7 /* GetterEnumGenerator.swift */ = {isa = PBXFileReference; fileEncoding = 4; lastKnownFileType = sourcecode.swift; path = GetterEnumGenerator.swift; sourceTree = "<group>"; };
		8B3FD5862366ED3D001AD7B7 /* GetterEnumVisitorTests.swift */ = {isa = PBXFileReference; fileEncoding = 4; lastKnownFileType = sourcecode.swift; path = GetterEnumVisitorTests.swift; sourceTree = "<group>"; };
		8B3FD5BA2367107B001AD7B7 /* String+Extensions.swift */ = {isa = PBXFileReference; lastKnownFileType = sourcecode.swift; path = "String+Extensions.swift"; sourceTree = "<group>"; };
		8B3FD5BF2367261D001AD7B7 /* GetterEnumGeneratorTests.swift */ = {isa = PBXFileReference; fileEncoding = 4; lastKnownFileType = sourcecode.swift; path = GetterEnumGeneratorTests.swift; sourceTree = "<group>"; };
		8B3FD5EB23673D7F001AD7B7 /* __Snapshots__ */ = {isa = PBXFileReference; lastKnownFileType = folder; path = __Snapshots__; sourceTree = "<group>"; };
		8BFE7E3D234DE843003E97BF /* URL+Paths.swift */ = {isa = PBXFileReference; lastKnownFileType = sourcecode.swift; path = "URL+Paths.swift"; sourceTree = "<group>"; };
/* End PBXFileReference section */

/* Begin PBXFrameworksBuildPhase section */
		113746B623439F9C00D9C1AD /* Frameworks */ = {
			isa = PBXFrameworksBuildPhase;
			buildActionMask = 2147483647;
			files = (
				113746E12343A43700D9C1AD /* Bow in Frameworks */,
				113746DF2343A43700D9C1AD /* BowEffects in Frameworks */,
				113746DC2343A3F500D9C1AD /* SwiftSyntax in Frameworks */,
				111F8505234DCF6F003FE646 /* BowOptics in Frameworks */,
			);
			runOnlyForDeploymentPostprocessing = 0;
		};
		113746BF23439F9C00D9C1AD /* Frameworks */ = {
			isa = PBXFrameworksBuildPhase;
			buildActionMask = 2147483647;
			files = (
				113746C323439F9C00D9C1AD /* Meta.framework in Frameworks */,
				11175E8023462ED000F26788 /* SnapshotTesting in Frameworks */,
			);
			runOnlyForDeploymentPostprocessing = 0;
		};
		11433427234B75C600BFF775 /* Frameworks */ = {
			isa = PBXFrameworksBuildPhase;
			buildActionMask = 2147483647;
			files = (
			);
			runOnlyForDeploymentPostprocessing = 0;
		};
		1143342F234B75C600BFF775 /* Frameworks */ = {
			isa = PBXFrameworksBuildPhase;
			buildActionMask = 2147483647;
			files = (
				11433433234B75C600BFF775 /* OpticsGenerator.framework in Frameworks */,
			);
			runOnlyForDeploymentPostprocessing = 0;
		};
/* End PBXFrameworksBuildPhase section */

/* Begin PBXGroup section */
		113746AF23439F9C00D9C1AD = {
			isa = PBXGroup;
			children = (
				113746D323439FE000D9C1AD /* Sources */,
				113746D423439FEC00D9C1AD /* Tests */,
				113746BA23439F9C00D9C1AD /* Products */,
				11433448234B764B00BFF775 /* Frameworks */,
			);
			sourceTree = "<group>";
		};
		113746BA23439F9C00D9C1AD /* Products */ = {
			isa = PBXGroup;
			children = (
				113746B923439F9C00D9C1AD /* Meta.framework */,
				113746C223439F9C00D9C1AD /* MetaTests.xctest */,
				1143342A234B75C600BFF775 /* OpticsGenerator.framework */,
				11433432234B75C600BFF775 /* OpticsGeneratorTests.xctest */,
			);
			name = Products;
			sourceTree = "<group>";
		};
		113746BB23439F9C00D9C1AD /* Meta */ = {
			isa = PBXGroup;
			children = (
				113746BD23439F9C00D9C1AD /* Info.plist */,
				1143340D234B42FE00BFF775 /* Extensions */,
				114333F6234B354600BFF775 /* Generators */,
				8B249B792369E3EA0081A80A /* Models */,
				113746E22343A45F00D9C1AD /* Visitors */,
			);
			path = Meta;
			sourceTree = "<group>";
		};
		113746C623439F9C00D9C1AD /* MetaTests */ = {
			isa = PBXGroup;
			children = (
				113746D72343A0CD00D9C1AD /* MetaTests-Bridging-Header.h */,
				113746C923439F9C00D9C1AD /* Info.plist */,
				119DD0A42344E7C500E1E62D /* Extensions */,
				119DD0952344E26000E1E62D /* Fixtures */,
				114333F9234B3A4100BFF775 /* Generators */,
				119DD09C2344E39B00E1E62D /* Visitors */,
			);
			path = MetaTests;
			sourceTree = "<group>";
		};
		113746D323439FE000D9C1AD /* Sources */ = {
			isa = PBXGroup;
			children = (
				113746BB23439F9C00D9C1AD /* Meta */,
				1143342B234B75C600BFF775 /* OpticsGenerator */,
			);
			path = Sources;
			sourceTree = "<group>";
		};
		113746D423439FEC00D9C1AD /* Tests */ = {
			isa = PBXGroup;
			children = (
				113746C623439F9C00D9C1AD /* MetaTests */,
				11433436234B75C600BFF775 /* OpticsGeneratorTests */,
			);
			path = Tests;
			sourceTree = "<group>";
		};
		113746E22343A45F00D9C1AD /* Visitors */ = {
			isa = PBXGroup;
			children = (
				8B249B692369E3DD0081A80A /* CaseVisitor.swift */,
				8B249B682369E3DD0081A80A /* ChilVisitor.swift */,
				8B249B5F2369E3DD0081A80A /* CodegenVisitor.swift */,
				8B249B612369E3DD0081A80A /* ComputedPropertyVisitor.swift */,
				8B249B5B2369E3DD0081A80A /* CopyVisitor.swift */,
				8B249B642369E3DD0081A80A /* FieldVisitor.swift */,
				8B249B5E2369E3DD0081A80A /* FoldVisitor.swift */,
				8B249B5C2369E3DD0081A80A /* GetterEnumVisitor.swift */,
				8B249B602369E3DD0081A80A /* ImportVisitor.swift */,
				8B249B632369E3DD0081A80A /* IsoVisitor.swift */,
				8B249B652369E3DD0081A80A /* LensVisitor.swift */,
				8B249B672369E3DD0081A80A /* OptionalVisitor.swift */,
				8B249B662369E3DD0081A80A /* PrismVisitor.swift */,
				8B249B5D2369E3DD0081A80A /* TraversalVisitor.swift */,
				8B249B622369E3DD0081A80A /* Visitor.swift */,
			);
			path = Visitors;
			sourceTree = "<group>";
		};
		114333F6234B354600BFF775 /* Generators */ = {
			isa = PBXGroup;
			children = (
				114333F7234B355800BFF775 /* GenerateCode.swift */,
				11433410234B438400BFF775 /* Algebras */,
				11433413234B45EB00BFF775 /* Dependencies */,
				11433424234B6EA400BFF775 /* Environments */,
			);
			path = Generators;
			sourceTree = "<group>";
		};
		114333F9234B3A4100BFF775 /* Generators */ = {
			isa = PBXGroup;
			children = (
				8B249B412369E2330081A80A /* __Snapshots__ */,
				114333FD234B3DC700BFF775 /* CopyGeneratorTests.swift */,
				11F274D1234F7CE000BC4CFB /* FoldGeneratorTests.swift */,
				8B3FD5BF2367261D001AD7B7 /* GetterEnumGeneratorTests.swift */,
				111F850B234DD2BE003FE646 /* IsoGeneratorTests.swift */,
				11039BFD234E881C0022EE33 /* LensGeneratorTests.swift */,
				116867FE234F4D9500976262 /* OptionalGeneratorTests.swift */,
				8B2D41402361E0F100EBFC88 /* PrismGeneratorTests.swift */,
				11F274C5234F6F5F00BC4CFB /* TraversalGeneratorTests.swift */,
			);
			path = Generators;
			sourceTree = "<group>";
		};
		114333FA234B3A4E00BFF775 /* Subfolder */ = {
			isa = PBXGroup;
			children = (
				114333FB234B3A6900BFF775 /* Company.swift */,
				11433408234B3F8400BFF775 /* README.md */,
			);
			path = Subfolder;
			sourceTree = "<group>";
		};
		1143340D234B42FE00BFF775 /* Extensions */ = {
			isa = PBXGroup;
			children = (
				11433420234B4FAA00BFF775 /* IO.swift */,
				1143341E234B4F3700BFF775 /* Kleisli.swift */,
				1143340E234B430C00BFF775 /* Set.swift */,
				8B3FD57923632F7A001AD7B7 /* String+NoArray.swift */,
				8B3FD5BA2367107B001AD7B7 /* String+Extensions.swift */,
			);
			path = Extensions;
			sourceTree = "<group>";
		};
		11433410234B438400BFF775 /* Algebras */ = {
			isa = PBXGroup;
			children = (
				11433411234B439200BFF775 /* FileSystem.swift */,
				11433416234B468D00BFF775 /* CodeGenerator.swift */,
			);
			path = Algebras;
			sourceTree = "<group>";
		};
		11433413234B45EB00BFF775 /* Dependencies */ = {
			isa = PBXGroup;
			children = (
				11433414234B45FF00BFF775 /* MacFileSystem.swift */,
				1143341C234B4B4600BFF775 /* SwiftSyntaxGenerator.swift */,
			);
			path = Dependencies;
			sourceTree = "<group>";
		};
		11433424234B6EA400BFF775 /* Environments */ = {
			isa = PBXGroup;
			children = (
				11433422234B50E200BFF775 /* CopyGenerator.swift */,
				11F274CF234F7C5300BC4CFB /* FoldGenerator.swift */,
				8B3FD5842366ECE7001AD7B7 /* GetterEnumGenerator.swift */,
				111F8509234DD28D003FE646 /* IsoGenerator.swift */,
				11039BFB234E87DC0022EE33 /* LensGenerator.swift */,
				116867FC234F4D2D00976262 /* OptionalGenerator.swift */,
				8B2D413B2361D91400EBFC88 /* PrismGenerator.swift */,
				11F274C3234F6F2F00BC4CFB /* TraversalGenerator.swift */,
			);
			path = Environments;
			sourceTree = "<group>";
		};
		1143342B234B75C600BFF775 /* OpticsGenerator */ = {
			isa = PBXGroup;
			children = (
				11433444234B763100BFF775 /* main.swift */,
				1143342D234B75C600BFF775 /* Info.plist */,
			);
			path = OpticsGenerator;
			sourceTree = "<group>";
		};
		11433436234B75C600BFF775 /* OpticsGeneratorTests */ = {
			isa = PBXGroup;
			children = (
				11433439234B75C600BFF775 /* Info.plist */,
			);
			path = OpticsGeneratorTests;
			sourceTree = "<group>";
		};
		11433448234B764B00BFF775 /* Frameworks */ = {
			isa = PBXGroup;
			children = (
			);
			name = Frameworks;
			sourceTree = "<group>";
		};
		119DD0952344E26000E1E62D /* Fixtures */ = {
			isa = PBXGroup;
			children = (
				119DD0962344E27000E1E62D /* Article.swift */,
				119DD0992344E35200E1E62D /* Author.swift */,
				114333FA234B3A4E00BFF775 /* Subfolder */,
			);
			path = Fixtures;
			sourceTree = "<group>";
		};
		119DD09C2344E39B00E1E62D /* Visitors */ = {
			isa = PBXGroup;
			children = (
				8B3FD5EB23673D7F001AD7B7 /* __Snapshots__ */,
				8B3FD56623630ABE001AD7B7 /* CaseVisitorTests.swift */,
				111F84FF234DCA98003FE646 /* CopyVisitorTests.swift */,
				119DD0A12344E5BC00E1E62D /* FieldVisitorTests.swift */,
				11F274CC234F7BE900BC4CFB /* FoldVisitorTests.swift */,
				8B3FD5862366ED3D001AD7B7 /* GetterEnumVisitorTests.swift */,
				119DD09E2344E3E600E1E62D /* ImportVisitorTests.swift */,
				111F8506234DD16E003FE646 /* IsoVisitorTests.swift */,
				11039BF8234E86590022EE33 /* LensVisitorTests.swift */,
				116867F9234F4A6F00976262 /* OptionalVisitorTests.swift */,
				8B2D41422361E1BE00EBFC88 /* PrismVisitorTests.swift */,
				11686806234F6D4300976262 /* TraversalVisitorTests.swift */,
			);
			path = Visitors;
			sourceTree = "<group>";
		};
		119DD0A42344E7C500E1E62D /* Extensions */ = {
			isa = PBXGroup;
			children = (
				11175E84234630FD00F26788 /* Snapshotting+Codegen.swift */,
				8BFE7E3D234DE843003E97BF /* URL+Paths.swift */,
			);
			path = Extensions;
			sourceTree = "<group>";
		};
		8B249B412369E2330081A80A /* __Snapshots__ */ = {
			isa = PBXGroup;
			children = (
				8B249B422369E2330081A80A /* GetterEnumGeneratorTests */,
				8B249B442369E2330081A80A /* LensGeneratorTests */,
				8B249B462369E2330081A80A /* FoldGeneratorTests */,
				8B249B482369E2330081A80A /* CopyGeneratorTests */,
				8B249B4A2369E2330081A80A /* IsoGeneratorTests */,
				8B249B4C2369E2330081A80A /* OptionalGeneratorTests */,
				8B249B4E2369E2330081A80A /* PrismGeneratorTests */,
				8B249B502369E2330081A80A /* TraversalGeneratorTests */,
			);
			path = __Snapshots__;
			sourceTree = "<group>";
		};
		8B249B422369E2330081A80A /* GetterEnumGeneratorTests */ = {
			isa = PBXGroup;
			children = (
				8B249B432369E2330081A80A /* testGetterEnumGeneratorMultipleFile.1.swift */,
			);
			path = GetterEnumGeneratorTests;
			sourceTree = "<group>";
		};
		8B249B442369E2330081A80A /* LensGeneratorTests */ = {
			isa = PBXGroup;
			children = (
				8B249B452369E2330081A80A /* testLensGeneratorMultipleFiles.1.swift */,
			);
			path = LensGeneratorTests;
			sourceTree = "<group>";
		};
		8B249B462369E2330081A80A /* FoldGeneratorTests */ = {
			isa = PBXGroup;
			children = (
				8B249B472369E2330081A80A /* testFoldGeneratorMultipleFiles.1.swift */,
			);
			path = FoldGeneratorTests;
			sourceTree = "<group>";
		};
		8B249B482369E2330081A80A /* CopyGeneratorTests */ = {
			isa = PBXGroup;
			children = (
				8B249B492369E2330081A80A /* testCopyGeneratorMultipleFiles.1.swift */,
			);
			path = CopyGeneratorTests;
			sourceTree = "<group>";
		};
		8B249B4A2369E2330081A80A /* IsoGeneratorTests */ = {
			isa = PBXGroup;
			children = (
				8B249B4B2369E2330081A80A /* testIsoGeneratorMultipleFiles.1.swift */,
			);
			path = IsoGeneratorTests;
			sourceTree = "<group>";
		};
		8B249B4C2369E2330081A80A /* OptionalGeneratorTests */ = {
			isa = PBXGroup;
			children = (
				8B249B4D2369E2330081A80A /* testOptionalGeneratorMultipleFiles.1.swift */,
			);
			path = OptionalGeneratorTests;
			sourceTree = "<group>";
		};
		8B249B4E2369E2330081A80A /* PrismGeneratorTests */ = {
			isa = PBXGroup;
			children = (
				8B249B862369EB7C0081A80A /* testPrismGeneratorMultipleFile.1.swift */,
			);
			path = PrismGeneratorTests;
			sourceTree = "<group>";
		};
		8B249B502369E2330081A80A /* TraversalGeneratorTests */ = {
			isa = PBXGroup;
			children = (
				8B249B512369E2330081A80A /* testTraversalGeneratorMultipleFiles.1.swift */,
			);
			path = TraversalGeneratorTests;
			sourceTree = "<group>";
		};
		8B249B792369E3EA0081A80A /* Models */ = {
			isa = PBXGroup;
			children = (
				8B249B7A2369E3EA0081A80A /* NodeSyntax.swift */,
				8B249B7B2369E3EA0081A80A /* Branch.swift */,
				8B249B7C2369E3EA0081A80A /* SyntaxModifier.swift */,
			);
			path = Models;
			sourceTree = "<group>";
		};
/* End PBXGroup section */

/* Begin PBXHeadersBuildPhase section */
		113746B423439F9C00D9C1AD /* Headers */ = {
			isa = PBXHeadersBuildPhase;
			buildActionMask = 2147483647;
			files = (
			);
			runOnlyForDeploymentPostprocessing = 0;
		};
		11433425234B75C600BFF775 /* Headers */ = {
			isa = PBXHeadersBuildPhase;
			buildActionMask = 2147483647;
			files = (
			);
			runOnlyForDeploymentPostprocessing = 0;
		};
/* End PBXHeadersBuildPhase section */

/* Begin PBXNativeTarget section */
		113746B823439F9C00D9C1AD /* Meta */ = {
			isa = PBXNativeTarget;
			buildConfigurationList = 113746CD23439F9C00D9C1AD /* Build configuration list for PBXNativeTarget "Meta" */;
			buildPhases = (
				113746B423439F9C00D9C1AD /* Headers */,
				113746B523439F9C00D9C1AD /* Sources */,
				113746B623439F9C00D9C1AD /* Frameworks */,
				113746B723439F9C00D9C1AD /* Resources */,
			);
			buildRules = (
			);
			dependencies = (
			);
			name = Meta;
			packageProductDependencies = (
				113746DB2343A3F500D9C1AD /* SwiftSyntax */,
				113746DE2343A43700D9C1AD /* BowEffects */,
				113746E02343A43700D9C1AD /* Bow */,
				111F8504234DCF6F003FE646 /* BowOptics */,
			);
			productName = "bow-meta";
			productReference = 113746B923439F9C00D9C1AD /* Meta.framework */;
			productType = "com.apple.product-type.framework";
		};
		113746C123439F9C00D9C1AD /* MetaTests */ = {
			isa = PBXNativeTarget;
			buildConfigurationList = 113746D023439F9C00D9C1AD /* Build configuration list for PBXNativeTarget "MetaTests" */;
			buildPhases = (
				113746BE23439F9C00D9C1AD /* Sources */,
				113746BF23439F9C00D9C1AD /* Frameworks */,
				113746C023439F9C00D9C1AD /* Resources */,
			);
			buildRules = (
			);
			dependencies = (
				113746C523439F9C00D9C1AD /* PBXTargetDependency */,
			);
			name = MetaTests;
			packageProductDependencies = (
				11175E7F23462ED000F26788 /* SnapshotTesting */,
			);
			productName = "bow-metaTests";
			productReference = 113746C223439F9C00D9C1AD /* MetaTests.xctest */;
			productType = "com.apple.product-type.bundle.unit-test";
		};
		11433429234B75C600BFF775 /* OpticsGenerator */ = {
			isa = PBXNativeTarget;
			buildConfigurationList = 1143343B234B75C600BFF775 /* Build configuration list for PBXNativeTarget "OpticsGenerator" */;
			buildPhases = (
				11433425234B75C600BFF775 /* Headers */,
				11433426234B75C600BFF775 /* Sources */,
				11433427234B75C600BFF775 /* Frameworks */,
				11433428234B75C600BFF775 /* Resources */,
			);
			buildRules = (
			);
			dependencies = (
				11433447234B763D00BFF775 /* PBXTargetDependency */,
			);
			name = OpticsGenerator;
			packageProductDependencies = (
			);
			productName = OpticsGenerator;
			productReference = 1143342A234B75C600BFF775 /* OpticsGenerator.framework */;
			productType = "com.apple.product-type.framework";
		};
		11433431234B75C600BFF775 /* OpticsGeneratorTests */ = {
			isa = PBXNativeTarget;
			buildConfigurationList = 1143343E234B75C600BFF775 /* Build configuration list for PBXNativeTarget "OpticsGeneratorTests" */;
			buildPhases = (
				1143342E234B75C600BFF775 /* Sources */,
				1143342F234B75C600BFF775 /* Frameworks */,
				11433430234B75C600BFF775 /* Resources */,
			);
			buildRules = (
			);
			dependencies = (
				11433435234B75C600BFF775 /* PBXTargetDependency */,
			);
			name = OpticsGeneratorTests;
			productName = OpticsGeneratorTests;
			productReference = 11433432234B75C600BFF775 /* OpticsGeneratorTests.xctest */;
			productType = "com.apple.product-type.bundle.unit-test";
		};
/* End PBXNativeTarget section */

/* Begin PBXProject section */
		113746B023439F9C00D9C1AD /* Project object */ = {
			isa = PBXProject;
			attributes = {
				LastSwiftUpdateCheck = 1100;
				LastUpgradeCheck = 1100;
				ORGANIZATIONNAME = "Bow Authors";
				TargetAttributes = {
					113746B823439F9C00D9C1AD = {
						CreatedOnToolsVersion = 11.0;
						LastSwiftMigration = 1100;
					};
					113746C123439F9C00D9C1AD = {
						CreatedOnToolsVersion = 11.0;
						LastSwiftMigration = 1100;
					};
					11433429234B75C600BFF775 = {
						CreatedOnToolsVersion = 11.0;
					};
					11433431234B75C600BFF775 = {
						CreatedOnToolsVersion = 11.0;
						LastSwiftMigration = 1110;
					};
				};
			};
			buildConfigurationList = 113746B323439F9C00D9C1AD /* Build configuration list for PBXProject "bow-meta" */;
			compatibilityVersion = "Xcode 9.3";
			developmentRegion = en;
			hasScannedForEncodings = 0;
			knownRegions = (
				en,
				Base,
			);
			mainGroup = 113746AF23439F9C00D9C1AD;
			packageReferences = (
				113746DA2343A3F500D9C1AD /* XCRemoteSwiftPackageReference "swift-syntax" */,
				113746DD2343A43700D9C1AD /* XCRemoteSwiftPackageReference "bow" */,
				11175E7E23462ED000F26788 /* XCRemoteSwiftPackageReference "swift-snapshot-testing" */,
			);
			productRefGroup = 113746BA23439F9C00D9C1AD /* Products */;
			projectDirPath = "";
			projectRoot = "";
			targets = (
				113746B823439F9C00D9C1AD /* Meta */,
				113746C123439F9C00D9C1AD /* MetaTests */,
				11433429234B75C600BFF775 /* OpticsGenerator */,
				11433431234B75C600BFF775 /* OpticsGeneratorTests */,
			);
		};
/* End PBXProject section */

/* Begin PBXResourcesBuildPhase section */
		113746B723439F9C00D9C1AD /* Resources */ = {
			isa = PBXResourcesBuildPhase;
			buildActionMask = 2147483647;
			files = (
			);
			runOnlyForDeploymentPostprocessing = 0;
		};
		113746C023439F9C00D9C1AD /* Resources */ = {
			isa = PBXResourcesBuildPhase;
			buildActionMask = 2147483647;
			files = (
				8B3FD5EC23673D7F001AD7B7 /* __Snapshots__ in Resources */,
				1143340C234B401600BFF775 /* README.md in Resources */,
			);
			runOnlyForDeploymentPostprocessing = 0;
		};
		11433428234B75C600BFF775 /* Resources */ = {
			isa = PBXResourcesBuildPhase;
			buildActionMask = 2147483647;
			files = (
			);
			runOnlyForDeploymentPostprocessing = 0;
		};
		11433430234B75C600BFF775 /* Resources */ = {
			isa = PBXResourcesBuildPhase;
			buildActionMask = 2147483647;
			files = (
			);
			runOnlyForDeploymentPostprocessing = 0;
		};
/* End PBXResourcesBuildPhase section */

/* Begin PBXSourcesBuildPhase section */
		113746B523439F9C00D9C1AD /* Sources */ = {
			isa = PBXSourcesBuildPhase;
			buildActionMask = 2147483647;
			files = (
				11433412234B439200BFF775 /* FileSystem.swift in Sources */,
				8B249B7F2369E3EA0081A80A /* SyntaxModifier.swift in Sources */,
				8B2D413C2361D91400EBFC88 /* PrismGenerator.swift in Sources */,
				11433423234B50E200BFF775 /* CopyGenerator.swift in Sources */,
				11F274D0234F7C5300BC4CFB /* FoldGenerator.swift in Sources */,
				11039BFC234E87DC0022EE33 /* LensGenerator.swift in Sources */,
				8B249B732369E3DD0081A80A /* FieldVisitor.swift in Sources */,
				8B249B6D2369E3DD0081A80A /* FoldVisitor.swift in Sources */,
				11433417234B468D00BFF775 /* CodeGenerator.swift in Sources */,
				8B249B6B2369E3DD0081A80A /* GetterEnumVisitor.swift in Sources */,
				11433415234B45FF00BFF775 /* MacFileSystem.swift in Sources */,
				1143341F234B4F3700BFF775 /* Kleisli.swift in Sources */,
				11433421234B4FAA00BFF775 /* IO.swift in Sources */,
				8B249B702369E3DD0081A80A /* ComputedPropertyVisitor.swift in Sources */,
				8B249B782369E3DD0081A80A /* CaseVisitor.swift in Sources */,
				8B3FD5852366ECE7001AD7B7 /* GetterEnumGenerator.swift in Sources */,
				11F274C4234F6F2F00BC4CFB /* TraversalGenerator.swift in Sources */,
				1143340F234B430C00BFF775 /* Set.swift in Sources */,
				8B3FD57B23632F7F001AD7B7 /* String+NoArray.swift in Sources */,
				1143341D234B4B4600BFF775 /* SwiftSyntaxGenerator.swift in Sources */,
				8B249B742369E3DD0081A80A /* LensVisitor.swift in Sources */,
				116867FD234F4D2D00976262 /* OptionalGenerator.swift in Sources */,
				8B249B712369E3DD0081A80A /* Visitor.swift in Sources */,
				8B249B6F2369E3DD0081A80A /* ImportVisitor.swift in Sources */,
				114333F8234B355800BFF775 /* GenerateCode.swift in Sources */,
				8B249B722369E3DD0081A80A /* IsoVisitor.swift in Sources */,
				8B249B752369E3DD0081A80A /* PrismVisitor.swift in Sources */,
				8B249B7D2369E3EA0081A80A /* NodeSyntax.swift in Sources */,
				8B249B7E2369E3EA0081A80A /* Branch.swift in Sources */,
				8B3FD5BC2367107E001AD7B7 /* String+Extensions.swift in Sources */,
				8B249B6E2369E3DD0081A80A /* CodegenVisitor.swift in Sources */,
				8B249B6C2369E3DD0081A80A /* TraversalVisitor.swift in Sources */,
				8B249B772369E3DD0081A80A /* ChilVisitor.swift in Sources */,
				111F850A234DD28D003FE646 /* IsoGenerator.swift in Sources */,
				8B249B762369E3DD0081A80A /* OptionalVisitor.swift in Sources */,
				8B249B6A2369E3DD0081A80A /* CopyVisitor.swift in Sources */,
			);
			runOnlyForDeploymentPostprocessing = 0;
		};
		113746BE23439F9C00D9C1AD /* Sources */ = {
			isa = PBXSourcesBuildPhase;
			buildActionMask = 2147483647;
			files = (
				8B249B522369E2330081A80A /* testGetterEnumGeneratorMultipleFile.1.swift in Sources */,
				8B2D41432361E1BE00EBFC88 /* PrismVisitorTests.swift in Sources */,
				11F274CE234F7BF000BC4CFB /* FoldVisitorTests.swift in Sources */,
				8B249B592369E2330081A80A /* testTraversalGeneratorMultipleFiles.1.swift in Sources */,
				11F274D3234F7CF100BC4CFB /* FoldGeneratorTests.swift in Sources */,
				8BFE7E3E234DE843003E97BF /* URL+Paths.swift in Sources */,
				8B3FD5C02367261D001AD7B7 /* GetterEnumGeneratorTests.swift in Sources */,
				8B2D41412361E0F100EBFC88 /* PrismGeneratorTests.swift in Sources */,
				8B249B542369E2330081A80A /* testFoldGeneratorMultipleFiles.1.swift in Sources */,
				119DD09B2344E35400E1E62D /* Author.swift in Sources */,
				8B249B532369E2330081A80A /* testLensGeneratorMultipleFiles.1.swift in Sources */,
				111F8508234DD1BF003FE646 /* IsoVisitorTests.swift in Sources */,
				8B249B5A2369E26B0081A80A /* Article.swift in Sources */,
				119DD0A32344E5C100E1E62D /* FieldVisitorTests.swift in Sources */,
				8B249B562369E2330081A80A /* testIsoGeneratorMultipleFiles.1.swift in Sources */,
				116867FF234F4D9500976262 /* OptionalGeneratorTests.swift in Sources */,
				111F8501234DCABB003FE646 /* CopyVisitorTests.swift in Sources */,
				1143340B234B401100BFF775 /* Company.swift in Sources */,
				11F274C6234F6F5F00BC4CFB /* TraversalGeneratorTests.swift in Sources */,
				111F850D234DD2D6003FE646 /* IsoGeneratorTests.swift in Sources */,
				114333FF234B3E0700BFF775 /* CopyGeneratorTests.swift in Sources */,
				8B249B572369E2330081A80A /* testOptionalGeneratorMultipleFiles.1.swift in Sources */,
				116867FB234F4AB800976262 /* OptionalVisitorTests.swift in Sources */,
				8B249B552369E2330081A80A /* testCopyGeneratorMultipleFiles.1.swift in Sources */,
				11686807234F6D4300976262 /* TraversalVisitorTests.swift in Sources */,
				11039BFA234E865F0022EE33 /* LensVisitorTests.swift in Sources */,
				119DD0A02344E3F100E1E62D /* ImportVisitorTests.swift in Sources */,
				8B3FD5872366ED3D001AD7B7 /* GetterEnumVisitorTests.swift in Sources */,
				8B3FD56723630ABE001AD7B7 /* CaseVisitorTests.swift in Sources */,
				11175E862346310800F26788 /* Snapshotting+Codegen.swift in Sources */,
				8B249B872369EB7C0081A80A /* testPrismGeneratorMultipleFile.1.swift in Sources */,
				11039BFE234E881C0022EE33 /* LensGeneratorTests.swift in Sources */,
			);
			runOnlyForDeploymentPostprocessing = 0;
		};
		11433426234B75C600BFF775 /* Sources */ = {
			isa = PBXSourcesBuildPhase;
			buildActionMask = 2147483647;
			files = (
				1143344B234B766000BFF775 /* main.swift in Sources */,
			);
			runOnlyForDeploymentPostprocessing = 0;
		};
		1143342E234B75C600BFF775 /* Sources */ = {
			isa = PBXSourcesBuildPhase;
			buildActionMask = 2147483647;
			files = (
			);
			runOnlyForDeploymentPostprocessing = 0;
		};
/* End PBXSourcesBuildPhase section */

/* Begin PBXTargetDependency section */
		113746C523439F9C00D9C1AD /* PBXTargetDependency */ = {
			isa = PBXTargetDependency;
			target = 113746B823439F9C00D9C1AD /* Meta */;
			targetProxy = 113746C423439F9C00D9C1AD /* PBXContainerItemProxy */;
		};
		11433435234B75C600BFF775 /* PBXTargetDependency */ = {
			isa = PBXTargetDependency;
			target = 11433429234B75C600BFF775 /* OpticsGenerator */;
			targetProxy = 11433434234B75C600BFF775 /* PBXContainerItemProxy */;
		};
		11433447234B763D00BFF775 /* PBXTargetDependency */ = {
			isa = PBXTargetDependency;
			target = 113746B823439F9C00D9C1AD /* Meta */;
			targetProxy = 11433446234B763D00BFF775 /* PBXContainerItemProxy */;
		};
/* End PBXTargetDependency section */

/* Begin XCBuildConfiguration section */
		113746CB23439F9C00D9C1AD /* Debug */ = {
			isa = XCBuildConfiguration;
			buildSettings = {
				ALWAYS_SEARCH_USER_PATHS = NO;
				CLANG_ANALYZER_NONNULL = YES;
				CLANG_ANALYZER_NUMBER_OBJECT_CONVERSION = YES_AGGRESSIVE;
				CLANG_CXX_LANGUAGE_STANDARD = "gnu++14";
				CLANG_CXX_LIBRARY = "libc++";
				CLANG_ENABLE_MODULES = YES;
				CLANG_ENABLE_OBJC_ARC = YES;
				CLANG_ENABLE_OBJC_WEAK = YES;
				CLANG_WARN_BLOCK_CAPTURE_AUTORELEASING = YES;
				CLANG_WARN_BOOL_CONVERSION = YES;
				CLANG_WARN_COMMA = YES;
				CLANG_WARN_CONSTANT_CONVERSION = YES;
				CLANG_WARN_DEPRECATED_OBJC_IMPLEMENTATIONS = YES;
				CLANG_WARN_DIRECT_OBJC_ISA_USAGE = YES_ERROR;
				CLANG_WARN_DOCUMENTATION_COMMENTS = YES;
				CLANG_WARN_EMPTY_BODY = YES;
				CLANG_WARN_ENUM_CONVERSION = YES;
				CLANG_WARN_INFINITE_RECURSION = YES;
				CLANG_WARN_INT_CONVERSION = YES;
				CLANG_WARN_NON_LITERAL_NULL_CONVERSION = YES;
				CLANG_WARN_OBJC_IMPLICIT_RETAIN_SELF = YES;
				CLANG_WARN_OBJC_LITERAL_CONVERSION = YES;
				CLANG_WARN_OBJC_ROOT_CLASS = YES_ERROR;
				CLANG_WARN_RANGE_LOOP_ANALYSIS = YES;
				CLANG_WARN_STRICT_PROTOTYPES = YES;
				CLANG_WARN_SUSPICIOUS_MOVE = YES;
				CLANG_WARN_UNGUARDED_AVAILABILITY = YES_AGGRESSIVE;
				CLANG_WARN_UNREACHABLE_CODE = YES;
				CLANG_WARN__DUPLICATE_METHOD_MATCH = YES;
				COPY_PHASE_STRIP = NO;
				CURRENT_PROJECT_VERSION = 1;
				DEBUG_INFORMATION_FORMAT = dwarf;
				ENABLE_STRICT_OBJC_MSGSEND = YES;
				ENABLE_TESTABILITY = YES;
				GCC_C_LANGUAGE_STANDARD = gnu11;
				GCC_DYNAMIC_NO_PIC = NO;
				GCC_NO_COMMON_BLOCKS = YES;
				GCC_OPTIMIZATION_LEVEL = 0;
				GCC_PREPROCESSOR_DEFINITIONS = (
					"DEBUG=1",
					"$(inherited)",
				);
				GCC_WARN_64_TO_32_BIT_CONVERSION = YES;
				GCC_WARN_ABOUT_RETURN_TYPE = YES_ERROR;
				GCC_WARN_UNDECLARED_SELECTOR = YES;
				GCC_WARN_UNINITIALIZED_AUTOS = YES_AGGRESSIVE;
				GCC_WARN_UNUSED_FUNCTION = YES;
				GCC_WARN_UNUSED_VARIABLE = YES;
				MACOSX_DEPLOYMENT_TARGET = 10.14;
				MTL_ENABLE_DEBUG_INFO = INCLUDE_SOURCE;
				MTL_FAST_MATH = YES;
				ONLY_ACTIVE_ARCH = YES;
				SDKROOT = macosx;
				SWIFT_ACTIVE_COMPILATION_CONDITIONS = DEBUG;
				SWIFT_OPTIMIZATION_LEVEL = "-Onone";
				VERSIONING_SYSTEM = "apple-generic";
				VERSION_INFO_PREFIX = "";
			};
			name = Debug;
		};
		113746CC23439F9C00D9C1AD /* Release */ = {
			isa = XCBuildConfiguration;
			buildSettings = {
				ALWAYS_SEARCH_USER_PATHS = NO;
				CLANG_ANALYZER_NONNULL = YES;
				CLANG_ANALYZER_NUMBER_OBJECT_CONVERSION = YES_AGGRESSIVE;
				CLANG_CXX_LANGUAGE_STANDARD = "gnu++14";
				CLANG_CXX_LIBRARY = "libc++";
				CLANG_ENABLE_MODULES = YES;
				CLANG_ENABLE_OBJC_ARC = YES;
				CLANG_ENABLE_OBJC_WEAK = YES;
				CLANG_WARN_BLOCK_CAPTURE_AUTORELEASING = YES;
				CLANG_WARN_BOOL_CONVERSION = YES;
				CLANG_WARN_COMMA = YES;
				CLANG_WARN_CONSTANT_CONVERSION = YES;
				CLANG_WARN_DEPRECATED_OBJC_IMPLEMENTATIONS = YES;
				CLANG_WARN_DIRECT_OBJC_ISA_USAGE = YES_ERROR;
				CLANG_WARN_DOCUMENTATION_COMMENTS = YES;
				CLANG_WARN_EMPTY_BODY = YES;
				CLANG_WARN_ENUM_CONVERSION = YES;
				CLANG_WARN_INFINITE_RECURSION = YES;
				CLANG_WARN_INT_CONVERSION = YES;
				CLANG_WARN_NON_LITERAL_NULL_CONVERSION = YES;
				CLANG_WARN_OBJC_IMPLICIT_RETAIN_SELF = YES;
				CLANG_WARN_OBJC_LITERAL_CONVERSION = YES;
				CLANG_WARN_OBJC_ROOT_CLASS = YES_ERROR;
				CLANG_WARN_RANGE_LOOP_ANALYSIS = YES;
				CLANG_WARN_STRICT_PROTOTYPES = YES;
				CLANG_WARN_SUSPICIOUS_MOVE = YES;
				CLANG_WARN_UNGUARDED_AVAILABILITY = YES_AGGRESSIVE;
				CLANG_WARN_UNREACHABLE_CODE = YES;
				CLANG_WARN__DUPLICATE_METHOD_MATCH = YES;
				COPY_PHASE_STRIP = NO;
				CURRENT_PROJECT_VERSION = 1;
				DEBUG_INFORMATION_FORMAT = "dwarf-with-dsym";
				ENABLE_NS_ASSERTIONS = NO;
				ENABLE_STRICT_OBJC_MSGSEND = YES;
				GCC_C_LANGUAGE_STANDARD = gnu11;
				GCC_NO_COMMON_BLOCKS = YES;
				GCC_WARN_64_TO_32_BIT_CONVERSION = YES;
				GCC_WARN_ABOUT_RETURN_TYPE = YES_ERROR;
				GCC_WARN_UNDECLARED_SELECTOR = YES;
				GCC_WARN_UNINITIALIZED_AUTOS = YES_AGGRESSIVE;
				GCC_WARN_UNUSED_FUNCTION = YES;
				GCC_WARN_UNUSED_VARIABLE = YES;
				MACOSX_DEPLOYMENT_TARGET = 10.14;
				MTL_ENABLE_DEBUG_INFO = NO;
				MTL_FAST_MATH = YES;
				SDKROOT = macosx;
				SWIFT_COMPILATION_MODE = wholemodule;
				SWIFT_OPTIMIZATION_LEVEL = "-O";
				VERSIONING_SYSTEM = "apple-generic";
				VERSION_INFO_PREFIX = "";
			};
			name = Release;
		};
		113746CE23439F9C00D9C1AD /* Debug */ = {
			isa = XCBuildConfiguration;
			buildSettings = {
				CLANG_ENABLE_MODULES = YES;
				CODE_SIGN_STYLE = Automatic;
				COMBINE_HIDPI_IMAGES = YES;
				DEFINES_MODULE = YES;
				DYLIB_COMPATIBILITY_VERSION = 1;
				DYLIB_CURRENT_VERSION = 1;
				DYLIB_INSTALL_NAME_BASE = "@rpath";
				INFOPLIST_FILE = Sources/Meta/Info.plist;
				INSTALL_PATH = "$(LOCAL_LIBRARY_DIR)/Frameworks";
				LD_RUNPATH_SEARCH_PATHS = (
					"$(inherited)",
					"@executable_path/../Frameworks",
					"@loader_path/Frameworks",
				);
				MACOSX_DEPLOYMENT_TARGET = 10.14;
				PRODUCT_BUNDLE_IDENTIFIER = "com.bow-swift.bow-meta";
				PRODUCT_NAME = "$(TARGET_NAME:c99extidentifier)";
				SKIP_INSTALL = YES;
				SWIFT_OPTIMIZATION_LEVEL = "-Onone";
				SWIFT_VERSION = 5.0;
			};
			name = Debug;
		};
		113746CF23439F9C00D9C1AD /* Release */ = {
			isa = XCBuildConfiguration;
			buildSettings = {
				CLANG_ENABLE_MODULES = YES;
				CODE_SIGN_STYLE = Automatic;
				COMBINE_HIDPI_IMAGES = YES;
				DEFINES_MODULE = YES;
				DYLIB_COMPATIBILITY_VERSION = 1;
				DYLIB_CURRENT_VERSION = 1;
				DYLIB_INSTALL_NAME_BASE = "@rpath";
				INFOPLIST_FILE = Sources/Meta/Info.plist;
				INSTALL_PATH = "$(LOCAL_LIBRARY_DIR)/Frameworks";
				LD_RUNPATH_SEARCH_PATHS = (
					"$(inherited)",
					"@executable_path/../Frameworks",
					"@loader_path/Frameworks",
				);
				MACOSX_DEPLOYMENT_TARGET = 10.14;
				PRODUCT_BUNDLE_IDENTIFIER = "com.bow-swift.bow-meta";
				PRODUCT_NAME = "$(TARGET_NAME:c99extidentifier)";
				SKIP_INSTALL = YES;
				SWIFT_VERSION = 5.0;
			};
			name = Release;
		};
		113746D123439F9C00D9C1AD /* Debug */ = {
			isa = XCBuildConfiguration;
			buildSettings = {
				ALWAYS_EMBED_SWIFT_STANDARD_LIBRARIES = YES;
				CLANG_ENABLE_MODULES = YES;
				CODE_SIGN_STYLE = Automatic;
				COMBINE_HIDPI_IMAGES = YES;
				INFOPLIST_FILE = Tests/MetaTests/Info.plist;
				LD_RUNPATH_SEARCH_PATHS = (
					"$(inherited)",
					"@executable_path/../Frameworks",
					"@loader_path/../Frameworks",
				);
				PRODUCT_BUNDLE_IDENTIFIER = "com.bow-swift.bow-metaTests";
				PRODUCT_NAME = "$(TARGET_NAME)";
				SWIFT_OBJC_BRIDGING_HEADER = "Tests/MetaTests/MetaTests-Bridging-Header.h";
				SWIFT_OPTIMIZATION_LEVEL = "-Onone";
				SWIFT_VERSION = 5.0;
			};
			name = Debug;
		};
		113746D223439F9C00D9C1AD /* Release */ = {
			isa = XCBuildConfiguration;
			buildSettings = {
				ALWAYS_EMBED_SWIFT_STANDARD_LIBRARIES = YES;
				CLANG_ENABLE_MODULES = YES;
				CODE_SIGN_STYLE = Automatic;
				COMBINE_HIDPI_IMAGES = YES;
				INFOPLIST_FILE = Tests/MetaTests/Info.plist;
				LD_RUNPATH_SEARCH_PATHS = (
					"$(inherited)",
					"@executable_path/../Frameworks",
					"@loader_path/../Frameworks",
				);
				PRODUCT_BUNDLE_IDENTIFIER = "com.bow-swift.bow-metaTests";
				PRODUCT_NAME = "$(TARGET_NAME)";
				SWIFT_OBJC_BRIDGING_HEADER = "Tests/MetaTests/MetaTests-Bridging-Header.h";
				SWIFT_VERSION = 5.0;
			};
			name = Release;
		};
		1143343C234B75C600BFF775 /* Debug */ = {
			isa = XCBuildConfiguration;
			buildSettings = {
				CODE_SIGN_STYLE = Automatic;
				COMBINE_HIDPI_IMAGES = YES;
				DEFINES_MODULE = YES;
				DYLIB_COMPATIBILITY_VERSION = 1;
				DYLIB_CURRENT_VERSION = 1;
				DYLIB_INSTALL_NAME_BASE = "@rpath";
				INFOPLIST_FILE = Sources/OpticsGenerator/Info.plist;
				INSTALL_PATH = "$(LOCAL_LIBRARY_DIR)/Frameworks";
				LD_RUNPATH_SEARCH_PATHS = (
					"$(inherited)",
					"@executable_path/../Frameworks",
					"@loader_path/Frameworks",
				);
				MACOSX_DEPLOYMENT_TARGET = 10.14;
				PRODUCT_BUNDLE_IDENTIFIER = "com.bow-swift.OpticsGenerator";
				PRODUCT_NAME = "$(TARGET_NAME:c99extidentifier)";
				SKIP_INSTALL = YES;
				SWIFT_VERSION = 5.0;
			};
			name = Debug;
		};
		1143343D234B75C600BFF775 /* Release */ = {
			isa = XCBuildConfiguration;
			buildSettings = {
				CODE_SIGN_STYLE = Automatic;
				COMBINE_HIDPI_IMAGES = YES;
				DEFINES_MODULE = YES;
				DYLIB_COMPATIBILITY_VERSION = 1;
				DYLIB_CURRENT_VERSION = 1;
				DYLIB_INSTALL_NAME_BASE = "@rpath";
				INFOPLIST_FILE = Sources/OpticsGenerator/Info.plist;
				INSTALL_PATH = "$(LOCAL_LIBRARY_DIR)/Frameworks";
				LD_RUNPATH_SEARCH_PATHS = (
					"$(inherited)",
					"@executable_path/../Frameworks",
					"@loader_path/Frameworks",
				);
				MACOSX_DEPLOYMENT_TARGET = 10.14;
				PRODUCT_BUNDLE_IDENTIFIER = "com.bow-swift.OpticsGenerator";
				PRODUCT_NAME = "$(TARGET_NAME:c99extidentifier)";
				SKIP_INSTALL = YES;
				SWIFT_VERSION = 5.0;
			};
			name = Release;
		};
		1143343F234B75C600BFF775 /* Debug */ = {
			isa = XCBuildConfiguration;
			buildSettings = {
				ALWAYS_EMBED_SWIFT_STANDARD_LIBRARIES = YES;
				CLANG_ENABLE_MODULES = YES;
				CODE_SIGN_STYLE = Automatic;
				COMBINE_HIDPI_IMAGES = YES;
				INFOPLIST_FILE = Tests/OpticsGeneratorTests/Info.plist;
				LD_RUNPATH_SEARCH_PATHS = (
					"$(inherited)",
					"@executable_path/../Frameworks",
					"@loader_path/../Frameworks",
				);
				PRODUCT_BUNDLE_IDENTIFIER = "com.bow-swift.OpticsGeneratorTests";
				PRODUCT_NAME = "$(TARGET_NAME)";
				SWIFT_OPTIMIZATION_LEVEL = "-Onone";
				SWIFT_VERSION = 5.0;
			};
			name = Debug;
		};
		11433440234B75C600BFF775 /* Release */ = {
			isa = XCBuildConfiguration;
			buildSettings = {
				ALWAYS_EMBED_SWIFT_STANDARD_LIBRARIES = YES;
				CLANG_ENABLE_MODULES = YES;
				CODE_SIGN_STYLE = Automatic;
				COMBINE_HIDPI_IMAGES = YES;
				INFOPLIST_FILE = Tests/OpticsGeneratorTests/Info.plist;
				LD_RUNPATH_SEARCH_PATHS = (
					"$(inherited)",
					"@executable_path/../Frameworks",
					"@loader_path/../Frameworks",
				);
				PRODUCT_BUNDLE_IDENTIFIER = "com.bow-swift.OpticsGeneratorTests";
				PRODUCT_NAME = "$(TARGET_NAME)";
				SWIFT_VERSION = 5.0;
			};
			name = Release;
		};
/* End XCBuildConfiguration section */

/* Begin XCConfigurationList section */
		113746B323439F9C00D9C1AD /* Build configuration list for PBXProject "bow-meta" */ = {
			isa = XCConfigurationList;
			buildConfigurations = (
				113746CB23439F9C00D9C1AD /* Debug */,
				113746CC23439F9C00D9C1AD /* Release */,
			);
			defaultConfigurationIsVisible = 0;
			defaultConfigurationName = Release;
		};
		113746CD23439F9C00D9C1AD /* Build configuration list for PBXNativeTarget "Meta" */ = {
			isa = XCConfigurationList;
			buildConfigurations = (
				113746CE23439F9C00D9C1AD /* Debug */,
				113746CF23439F9C00D9C1AD /* Release */,
			);
			defaultConfigurationIsVisible = 0;
			defaultConfigurationName = Release;
		};
		113746D023439F9C00D9C1AD /* Build configuration list for PBXNativeTarget "MetaTests" */ = {
			isa = XCConfigurationList;
			buildConfigurations = (
				113746D123439F9C00D9C1AD /* Debug */,
				113746D223439F9C00D9C1AD /* Release */,
			);
			defaultConfigurationIsVisible = 0;
			defaultConfigurationName = Release;
		};
		1143343B234B75C600BFF775 /* Build configuration list for PBXNativeTarget "OpticsGenerator" */ = {
			isa = XCConfigurationList;
			buildConfigurations = (
				1143343C234B75C600BFF775 /* Debug */,
				1143343D234B75C600BFF775 /* Release */,
			);
			defaultConfigurationIsVisible = 0;
			defaultConfigurationName = Release;
		};
		1143343E234B75C600BFF775 /* Build configuration list for PBXNativeTarget "OpticsGeneratorTests" */ = {
			isa = XCConfigurationList;
			buildConfigurations = (
				1143343F234B75C600BFF775 /* Debug */,
				11433440234B75C600BFF775 /* Release */,
			);
			defaultConfigurationIsVisible = 0;
			defaultConfigurationName = Release;
		};
/* End XCConfigurationList section */

/* Begin XCRemoteSwiftPackageReference section */
		11175E7E23462ED000F26788 /* XCRemoteSwiftPackageReference "swift-snapshot-testing" */ = {
			isa = XCRemoteSwiftPackageReference;
			repositoryURL = "https://github.com/pointfreeco/swift-snapshot-testing.git";
			requirement = {
				kind = exactVersion;
				version = 1.6.0;
			};
		};
		113746DA2343A3F500D9C1AD /* XCRemoteSwiftPackageReference "swift-syntax" */ = {
			isa = XCRemoteSwiftPackageReference;
			repositoryURL = "https://github.com/apple/swift-syntax.git";
			requirement = {
				kind = exactVersion;
				version = 0.50000.0;
			};
		};
		113746DD2343A43700D9C1AD /* XCRemoteSwiftPackageReference "bow" */ = {
			isa = XCRemoteSwiftPackageReference;
			repositoryURL = "https://github.com/bow-swift/bow.git";
			requirement = {
				kind = exactVersion;
				version = 0.6.0;
			};
		};
/* End XCRemoteSwiftPackageReference section */

/* Begin XCSwiftPackageProductDependency section */
		11175E7F23462ED000F26788 /* SnapshotTesting */ = {
			isa = XCSwiftPackageProductDependency;
			package = 11175E7E23462ED000F26788 /* XCRemoteSwiftPackageReference "swift-snapshot-testing" */;
			productName = SnapshotTesting;
		};
		111F8504234DCF6F003FE646 /* BowOptics */ = {
			isa = XCSwiftPackageProductDependency;
			package = 113746DD2343A43700D9C1AD /* XCRemoteSwiftPackageReference "bow" */;
			productName = BowOptics;
		};
		113746DB2343A3F500D9C1AD /* SwiftSyntax */ = {
			isa = XCSwiftPackageProductDependency;
			package = 113746DA2343A3F500D9C1AD /* XCRemoteSwiftPackageReference "swift-syntax" */;
			productName = SwiftSyntax;
		};
		113746DE2343A43700D9C1AD /* BowEffects */ = {
			isa = XCSwiftPackageProductDependency;
			package = 113746DD2343A43700D9C1AD /* XCRemoteSwiftPackageReference "bow" */;
			productName = BowEffects;
		};
		113746E02343A43700D9C1AD /* Bow */ = {
			isa = XCSwiftPackageProductDependency;
			package = 113746DD2343A43700D9C1AD /* XCRemoteSwiftPackageReference "bow" */;
			productName = Bow;
		};
/* End XCSwiftPackageProductDependency section */
	};
	rootObject = 113746B023439F9C00D9C1AD /* Project object */;
}
