// !$*UTF8*$!
{
	archiveVersion = 1;
	classes = {
	};
	objectVersion = 52;
	objects = {

/* Begin PBXBuildFile section */
		11175E8023462ED000F26788 /* SnapshotTesting in Frameworks */ = {isa = PBXBuildFile; productRef = 11175E7F23462ED000F26788 /* SnapshotTesting */; };
		11175E8323462F1100F26788 /* CopyVisitorTests.swift in Sources */ = {isa = PBXBuildFile; fileRef = 11175E8123462EE700F26788 /* CopyVisitorTests.swift */; };
		11175E862346310800F26788 /* Snapshotting+Codegen.swift in Sources */ = {isa = PBXBuildFile; fileRef = 11175E84234630FD00F26788 /* Snapshotting+Codegen.swift */; };
		113746C323439F9C00D9C1AD /* Meta.framework in Frameworks */ = {isa = PBXBuildFile; fileRef = 113746B923439F9C00D9C1AD /* Meta.framework */; };
		113746DC2343A3F500D9C1AD /* SwiftSyntax in Frameworks */ = {isa = PBXBuildFile; productRef = 113746DB2343A3F500D9C1AD /* SwiftSyntax */; };
		113746DF2343A43700D9C1AD /* BowEffects in Frameworks */ = {isa = PBXBuildFile; productRef = 113746DE2343A43700D9C1AD /* BowEffects */; };
		113746E12343A43700D9C1AD /* Bow in Frameworks */ = {isa = PBXBuildFile; productRef = 113746E02343A43700D9C1AD /* Bow */; };
		113746E42343A47D00D9C1AD /* ImportVisitor.swift in Sources */ = {isa = PBXBuildFile; fileRef = 113746E32343A47D00D9C1AD /* ImportVisitor.swift */; };
		113746E62343A4ED00D9C1AD /* FieldVisitor.swift in Sources */ = {isa = PBXBuildFile; fileRef = 113746E52343A4ED00D9C1AD /* FieldVisitor.swift */; };
		113746E82343A51A00D9C1AD /* ComputedPropertyVisitor.swift in Sources */ = {isa = PBXBuildFile; fileRef = 113746E72343A51A00D9C1AD /* ComputedPropertyVisitor.swift */; };
		113746EA2343A56D00D9C1AD /* CopyVisitor.swift in Sources */ = {isa = PBXBuildFile; fileRef = 113746E92343A56D00D9C1AD /* CopyVisitor.swift */; };
		114333F2234B2AF900BFF775 /* CodegenVisitor.swift in Sources */ = {isa = PBXBuildFile; fileRef = 114333F1234B2AF900BFF775 /* CodegenVisitor.swift */; };
		114333F8234B355800BFF775 /* GenerateCode.swift in Sources */ = {isa = PBXBuildFile; fileRef = 114333F7234B355800BFF775 /* GenerateCode.swift */; };
		114333FF234B3E0700BFF775 /* CopyGeneratorTests.swift in Sources */ = {isa = PBXBuildFile; fileRef = 114333FD234B3DC700BFF775 /* CopyGeneratorTests.swift */; };
		11433406234B3EBA00BFF775 /* testGeneratorMultipleFiles.1.swift in Sources */ = {isa = PBXBuildFile; fileRef = 11433404234B3EAF00BFF775 /* testGeneratorMultipleFiles.1.swift */; };
		1143340B234B401100BFF775 /* Company.swift in Sources */ = {isa = PBXBuildFile; fileRef = 114333FB234B3A6900BFF775 /* Company.swift */; };
		1143340C234B401600BFF775 /* README.md in Resources */ = {isa = PBXBuildFile; fileRef = 11433408234B3F8400BFF775 /* README.md */; };
		1143340F234B430C00BFF775 /* Set.swift in Sources */ = {isa = PBXBuildFile; fileRef = 1143340E234B430C00BFF775 /* Set.swift */; };
		11433412234B439200BFF775 /* FileSystem.swift in Sources */ = {isa = PBXBuildFile; fileRef = 11433411234B439200BFF775 /* FileSystem.swift */; };
		11433415234B45FF00BFF775 /* MacFileSystem.swift in Sources */ = {isa = PBXBuildFile; fileRef = 11433414234B45FF00BFF775 /* MacFileSystem.swift */; };
		11433417234B468D00BFF775 /* CodeGenerator.swift in Sources */ = {isa = PBXBuildFile; fileRef = 11433416234B468D00BFF775 /* CodeGenerator.swift */; };
		11433419234B470400BFF775 /* BaseCodeGenerator.swift in Sources */ = {isa = PBXBuildFile; fileRef = 11433418234B470400BFF775 /* BaseCodeGenerator.swift */; };
		1143341D234B4B4600BFF775 /* SwiftSyntaxCopyGenerator.swift in Sources */ = {isa = PBXBuildFile; fileRef = 1143341C234B4B4600BFF775 /* SwiftSyntaxCopyGenerator.swift */; };
		1143341F234B4F3700BFF775 /* Kleisli.swift in Sources */ = {isa = PBXBuildFile; fileRef = 1143341E234B4F3700BFF775 /* Kleisli.swift */; };
		11433421234B4FAA00BFF775 /* IO.swift in Sources */ = {isa = PBXBuildFile; fileRef = 11433420234B4FAA00BFF775 /* IO.swift */; };
		11433423234B50E200BFF775 /* CopyGenerator.swift in Sources */ = {isa = PBXBuildFile; fileRef = 11433422234B50E200BFF775 /* CopyGenerator.swift */; };
		119DD0982344E27400E1E62D /* Article.swift in Sources */ = {isa = PBXBuildFile; fileRef = 119DD0962344E27000E1E62D /* Article.swift */; };
		119DD09B2344E35400E1E62D /* Author.swift in Sources */ = {isa = PBXBuildFile; fileRef = 119DD0992344E35200E1E62D /* Author.swift */; };
		119DD0A02344E3F100E1E62D /* ImportVisitorTests.swift in Sources */ = {isa = PBXBuildFile; fileRef = 119DD09E2344E3E600E1E62D /* ImportVisitorTests.swift */; };
		119DD0A32344E5C100E1E62D /* FieldVisitorTests.swift in Sources */ = {isa = PBXBuildFile; fileRef = 119DD0A12344E5BC00E1E62D /* FieldVisitorTests.swift */; };
		119DD0A72344E7DF00E1E62D /* Field+Equatable.swift in Sources */ = {isa = PBXBuildFile; fileRef = 119DD0A52344E7D400E1E62D /* Field+Equatable.swift */; };
/* End PBXBuildFile section */

/* Begin PBXContainerItemProxy section */
		113746C423439F9C00D9C1AD /* PBXContainerItemProxy */ = {
			isa = PBXContainerItemProxy;
			containerPortal = 113746B023439F9C00D9C1AD /* Project object */;
			proxyType = 1;
			remoteGlobalIDString = 113746B823439F9C00D9C1AD;
			remoteInfo = "bow-meta";
		};
/* End PBXContainerItemProxy section */

/* Begin PBXFileReference section */
		11175E8123462EE700F26788 /* CopyVisitorTests.swift */ = {isa = PBXFileReference; lastKnownFileType = sourcecode.swift; path = CopyVisitorTests.swift; sourceTree = "<group>"; };
		11175E84234630FD00F26788 /* Snapshotting+Codegen.swift */ = {isa = PBXFileReference; lastKnownFileType = sourcecode.swift; path = "Snapshotting+Codegen.swift"; sourceTree = "<group>"; };
		113746B923439F9C00D9C1AD /* Meta.framework */ = {isa = PBXFileReference; explicitFileType = wrapper.framework; includeInIndex = 0; path = Meta.framework; sourceTree = BUILT_PRODUCTS_DIR; };
		113746BD23439F9C00D9C1AD /* Info.plist */ = {isa = PBXFileReference; lastKnownFileType = text.plist.xml; path = Info.plist; sourceTree = "<group>"; };
		113746C223439F9C00D9C1AD /* MetaTests.xctest */ = {isa = PBXFileReference; explicitFileType = wrapper.cfbundle; includeInIndex = 0; path = MetaTests.xctest; sourceTree = BUILT_PRODUCTS_DIR; };
		113746C923439F9C00D9C1AD /* Info.plist */ = {isa = PBXFileReference; lastKnownFileType = text.plist.xml; path = Info.plist; sourceTree = "<group>"; };
		113746D72343A0CD00D9C1AD /* MetaTests-Bridging-Header.h */ = {isa = PBXFileReference; lastKnownFileType = sourcecode.c.h; path = "MetaTests-Bridging-Header.h"; sourceTree = "<group>"; };
		113746E32343A47D00D9C1AD /* ImportVisitor.swift */ = {isa = PBXFileReference; lastKnownFileType = sourcecode.swift; path = ImportVisitor.swift; sourceTree = "<group>"; };
		113746E52343A4ED00D9C1AD /* FieldVisitor.swift */ = {isa = PBXFileReference; lastKnownFileType = sourcecode.swift; path = FieldVisitor.swift; sourceTree = "<group>"; };
		113746E72343A51A00D9C1AD /* ComputedPropertyVisitor.swift */ = {isa = PBXFileReference; lastKnownFileType = sourcecode.swift; path = ComputedPropertyVisitor.swift; sourceTree = "<group>"; };
		113746E92343A56D00D9C1AD /* CopyVisitor.swift */ = {isa = PBXFileReference; lastKnownFileType = sourcecode.swift; path = CopyVisitor.swift; sourceTree = "<group>"; };
		114333F1234B2AF900BFF775 /* CodegenVisitor.swift */ = {isa = PBXFileReference; lastKnownFileType = sourcecode.swift; path = CodegenVisitor.swift; sourceTree = "<group>"; };
		114333F7234B355800BFF775 /* GenerateCode.swift */ = {isa = PBXFileReference; lastKnownFileType = sourcecode.swift; path = GenerateCode.swift; sourceTree = "<group>"; };
		114333FB234B3A6900BFF775 /* Company.swift */ = {isa = PBXFileReference; lastKnownFileType = sourcecode.swift; path = Company.swift; sourceTree = "<group>"; };
		114333FD234B3DC700BFF775 /* CopyGeneratorTests.swift */ = {isa = PBXFileReference; lastKnownFileType = sourcecode.swift; path = CopyGeneratorTests.swift; sourceTree = "<group>"; };
		11433404234B3EAF00BFF775 /* testGeneratorMultipleFiles.1.swift */ = {isa = PBXFileReference; fileEncoding = 4; lastKnownFileType = sourcecode.swift; path = testGeneratorMultipleFiles.1.swift; sourceTree = "<group>"; };
		11433408234B3F8400BFF775 /* README.md */ = {isa = PBXFileReference; lastKnownFileType = net.daringfireball.markdown; path = README.md; sourceTree = "<group>"; };
		1143340E234B430C00BFF775 /* Set.swift */ = {isa = PBXFileReference; lastKnownFileType = sourcecode.swift; path = Set.swift; sourceTree = "<group>"; };
		11433411234B439200BFF775 /* FileSystem.swift */ = {isa = PBXFileReference; lastKnownFileType = sourcecode.swift; path = FileSystem.swift; sourceTree = "<group>"; };
		11433414234B45FF00BFF775 /* MacFileSystem.swift */ = {isa = PBXFileReference; lastKnownFileType = sourcecode.swift; path = MacFileSystem.swift; sourceTree = "<group>"; };
		11433416234B468D00BFF775 /* CodeGenerator.swift */ = {isa = PBXFileReference; lastKnownFileType = sourcecode.swift; path = CodeGenerator.swift; sourceTree = "<group>"; };
		11433418234B470400BFF775 /* BaseCodeGenerator.swift */ = {isa = PBXFileReference; lastKnownFileType = sourcecode.swift; path = BaseCodeGenerator.swift; sourceTree = "<group>"; };
		1143341C234B4B4600BFF775 /* SwiftSyntaxCopyGenerator.swift */ = {isa = PBXFileReference; lastKnownFileType = sourcecode.swift; path = SwiftSyntaxCopyGenerator.swift; sourceTree = "<group>"; };
		1143341E234B4F3700BFF775 /* Kleisli.swift */ = {isa = PBXFileReference; lastKnownFileType = sourcecode.swift; path = Kleisli.swift; sourceTree = "<group>"; };
		11433420234B4FAA00BFF775 /* IO.swift */ = {isa = PBXFileReference; lastKnownFileType = sourcecode.swift; path = IO.swift; sourceTree = "<group>"; };
		11433422234B50E200BFF775 /* CopyGenerator.swift */ = {isa = PBXFileReference; lastKnownFileType = sourcecode.swift; path = CopyGenerator.swift; sourceTree = "<group>"; };
		119DD0962344E27000E1E62D /* Article.swift */ = {isa = PBXFileReference; lastKnownFileType = sourcecode.swift; path = Article.swift; sourceTree = "<group>"; };
		119DD0992344E35200E1E62D /* Author.swift */ = {isa = PBXFileReference; lastKnownFileType = sourcecode.swift; path = Author.swift; sourceTree = "<group>"; };
		119DD09E2344E3E600E1E62D /* ImportVisitorTests.swift */ = {isa = PBXFileReference; lastKnownFileType = sourcecode.swift; path = ImportVisitorTests.swift; sourceTree = "<group>"; };
		119DD0A12344E5BC00E1E62D /* FieldVisitorTests.swift */ = {isa = PBXFileReference; lastKnownFileType = sourcecode.swift; path = FieldVisitorTests.swift; sourceTree = "<group>"; };
		119DD0A52344E7D400E1E62D /* Field+Equatable.swift */ = {isa = PBXFileReference; lastKnownFileType = sourcecode.swift; path = "Field+Equatable.swift"; sourceTree = "<group>"; };
/* End PBXFileReference section */

/* Begin PBXFrameworksBuildPhase section */
		113746B623439F9C00D9C1AD /* Frameworks */ = {
			isa = PBXFrameworksBuildPhase;
			buildActionMask = 2147483647;
			files = (
				113746E12343A43700D9C1AD /* Bow in Frameworks */,
				113746DF2343A43700D9C1AD /* BowEffects in Frameworks */,
				113746DC2343A3F500D9C1AD /* SwiftSyntax in Frameworks */,
			);
			runOnlyForDeploymentPostprocessing = 0;
		};
		113746BF23439F9C00D9C1AD /* Frameworks */ = {
			isa = PBXFrameworksBuildPhase;
			buildActionMask = 2147483647;
			files = (
				113746C323439F9C00D9C1AD /* Meta.framework in Frameworks */,
				11175E8023462ED000F26788 /* SnapshotTesting in Frameworks */,
			);
			runOnlyForDeploymentPostprocessing = 0;
		};
/* End PBXFrameworksBuildPhase section */

/* Begin PBXGroup section */
		113746AF23439F9C00D9C1AD = {
			isa = PBXGroup;
			children = (
				113746D323439FE000D9C1AD /* Sources */,
				113746D423439FEC00D9C1AD /* Tests */,
				113746BA23439F9C00D9C1AD /* Products */,
			);
			sourceTree = "<group>";
		};
		113746BA23439F9C00D9C1AD /* Products */ = {
			isa = PBXGroup;
			children = (
				113746B923439F9C00D9C1AD /* Meta.framework */,
				113746C223439F9C00D9C1AD /* MetaTests.xctest */,
			);
			name = Products;
			sourceTree = "<group>";
		};
		113746BB23439F9C00D9C1AD /* Meta */ = {
			isa = PBXGroup;
			children = (
				1143340D234B42FE00BFF775 /* Extensions */,
				114333F6234B354600BFF775 /* Generators */,
				113746E22343A45F00D9C1AD /* Visitors */,
				113746BD23439F9C00D9C1AD /* Info.plist */,
			);
			path = Meta;
			sourceTree = "<group>";
		};
		113746C623439F9C00D9C1AD /* MetaTests */ = {
			isa = PBXGroup;
			children = (
				113746D72343A0CD00D9C1AD /* MetaTests-Bridging-Header.h */,
				113746C923439F9C00D9C1AD /* Info.plist */,
				119DD0A42344E7C500E1E62D /* Extensions */,
				119DD0952344E26000E1E62D /* Fixtures */,
				114333F9234B3A4100BFF775 /* Generators */,
				119DD09C2344E39B00E1E62D /* Visitors */,
			);
			path = MetaTests;
			sourceTree = "<group>";
		};
		113746D323439FE000D9C1AD /* Sources */ = {
			isa = PBXGroup;
			children = (
				113746BB23439F9C00D9C1AD /* Meta */,
			);
			path = Sources;
			sourceTree = "<group>";
		};
		113746D423439FEC00D9C1AD /* Tests */ = {
			isa = PBXGroup;
			children = (
				113746C623439F9C00D9C1AD /* MetaTests */,
			);
			path = Tests;
			sourceTree = "<group>";
		};
		113746E22343A45F00D9C1AD /* Visitors */ = {
			isa = PBXGroup;
			children = (
				114333F1234B2AF900BFF775 /* CodegenVisitor.swift */,
				113746E72343A51A00D9C1AD /* ComputedPropertyVisitor.swift */,
				113746E92343A56D00D9C1AD /* CopyVisitor.swift */,
				113746E52343A4ED00D9C1AD /* FieldVisitor.swift */,
				113746E32343A47D00D9C1AD /* ImportVisitor.swift */,
			);
			path = Visitors;
			sourceTree = "<group>";
		};
		114333F6234B354600BFF775 /* Generators */ = {
			isa = PBXGroup;
			children = (
				114333F7234B355800BFF775 /* GenerateCode.swift */,
				11433410234B438400BFF775 /* Algebras */,
				11433413234B45EB00BFF775 /* Dependencies */,
				11433424234B6EA400BFF775 /* Environments */,
			);
			path = Generators;
			sourceTree = "<group>";
		};
		114333F9234B3A4100BFF775 /* Generators */ = {
			isa = PBXGroup;
			children = (
				11433402234B3EAF00BFF775 /* __Snapshots__ */,
				114333FD234B3DC700BFF775 /* CopyGeneratorTests.swift */,
			);
			path = Generators;
			sourceTree = "<group>";
		};
		114333FA234B3A4E00BFF775 /* Subfolder */ = {
			isa = PBXGroup;
			children = (
				114333FB234B3A6900BFF775 /* Company.swift */,
				11433408234B3F8400BFF775 /* README.md */,
			);
			path = Subfolder;
			sourceTree = "<group>";
		};
		11433402234B3EAF00BFF775 /* __Snapshots__ */ = {
			isa = PBXGroup;
			children = (
				11433403234B3EAF00BFF775 /* CopyGeneratorTests */,
			);
			path = __Snapshots__;
			sourceTree = "<group>";
		};
		11433403234B3EAF00BFF775 /* CopyGeneratorTests */ = {
			isa = PBXGroup;
			children = (
				11433404234B3EAF00BFF775 /* testGeneratorMultipleFiles.1.swift */,
			);
			path = CopyGeneratorTests;
			sourceTree = "<group>";
		};
		1143340D234B42FE00BFF775 /* Extensions */ = {
			isa = PBXGroup;
			children = (
				11433420234B4FAA00BFF775 /* IO.swift */,
				1143341E234B4F3700BFF775 /* Kleisli.swift */,
				1143340E234B430C00BFF775 /* Set.swift */,
			);
			path = Extensions;
			sourceTree = "<group>";
		};
		11433410234B438400BFF775 /* Algebras */ = {
			isa = PBXGroup;
			children = (
				11433411234B439200BFF775 /* FileSystem.swift */,
				11433416234B468D00BFF775 /* CodeGenerator.swift */,
			);
			path = Algebras;
			sourceTree = "<group>";
		};
		11433413234B45EB00BFF775 /* Dependencies */ = {
			isa = PBXGroup;
			children = (
				11433418234B470400BFF775 /* BaseCodeGenerator.swift */,
				11433414234B45FF00BFF775 /* MacFileSystem.swift */,
				1143341C234B4B4600BFF775 /* SwiftSyntaxCopyGenerator.swift */,
			);
			path = Dependencies;
			sourceTree = "<group>";
		};
		11433424234B6EA400BFF775 /* Environments */ = {
			isa = PBXGroup;
			children = (
				11433422234B50E200BFF775 /* CopyGenerator.swift */,
			);
			path = Environments;
			sourceTree = "<group>";
		};
		119DD0952344E26000E1E62D /* Fixtures */ = {
			isa = PBXGroup;
			children = (
				114333FA234B3A4E00BFF775 /* Subfolder */,
				119DD0962344E27000E1E62D /* Article.swift */,
				119DD0992344E35200E1E62D /* Author.swift */,
			);
			path = Fixtures;
			sourceTree = "<group>";
		};
		119DD09C2344E39B00E1E62D /* Visitors */ = {
			isa = PBXGroup;
			children = (
				11175E8123462EE700F26788 /* CopyVisitorTests.swift */,
				119DD0A12344E5BC00E1E62D /* FieldVisitorTests.swift */,
				119DD09E2344E3E600E1E62D /* ImportVisitorTests.swift */,
			);
			path = Visitors;
			sourceTree = "<group>";
		};
		119DD0A42344E7C500E1E62D /* Extensions */ = {
			isa = PBXGroup;
			children = (
				119DD0A52344E7D400E1E62D /* Field+Equatable.swift */,
				11175E84234630FD00F26788 /* Snapshotting+Codegen.swift */,
			);
			path = Extensions;
			sourceTree = "<group>";
		};
/* End PBXGroup section */

/* Begin PBXHeadersBuildPhase section */
		113746B423439F9C00D9C1AD /* Headers */ = {
			isa = PBXHeadersBuildPhase;
			buildActionMask = 2147483647;
			files = (
			);
			runOnlyForDeploymentPostprocessing = 0;
		};
/* End PBXHeadersBuildPhase section */

/* Begin PBXNativeTarget section */
		113746B823439F9C00D9C1AD /* Meta */ = {
			isa = PBXNativeTarget;
			buildConfigurationList = 113746CD23439F9C00D9C1AD /* Build configuration list for PBXNativeTarget "Meta" */;
			buildPhases = (
				113746B423439F9C00D9C1AD /* Headers */,
				113746B523439F9C00D9C1AD /* Sources */,
				113746B623439F9C00D9C1AD /* Frameworks */,
				113746B723439F9C00D9C1AD /* Resources */,
			);
			buildRules = (
			);
			dependencies = (
			);
			name = Meta;
			packageProductDependencies = (
				113746DB2343A3F500D9C1AD /* SwiftSyntax */,
				113746DE2343A43700D9C1AD /* BowEffects */,
				113746E02343A43700D9C1AD /* Bow */,
			);
			productName = "bow-meta";
			productReference = 113746B923439F9C00D9C1AD /* Meta.framework */;
			productType = "com.apple.product-type.framework";
		};
		113746C123439F9C00D9C1AD /* MetaTests */ = {
			isa = PBXNativeTarget;
			buildConfigurationList = 113746D023439F9C00D9C1AD /* Build configuration list for PBXNativeTarget "MetaTests" */;
			buildPhases = (
				113746BE23439F9C00D9C1AD /* Sources */,
				113746BF23439F9C00D9C1AD /* Frameworks */,
				113746C023439F9C00D9C1AD /* Resources */,
			);
			buildRules = (
			);
			dependencies = (
				113746C523439F9C00D9C1AD /* PBXTargetDependency */,
			);
			name = MetaTests;
			packageProductDependencies = (
				11175E7F23462ED000F26788 /* SnapshotTesting */,
			);
			productName = "bow-metaTests";
			productReference = 113746C223439F9C00D9C1AD /* MetaTests.xctest */;
			productType = "com.apple.product-type.bundle.unit-test";
		};
/* End PBXNativeTarget section */

/* Begin PBXProject section */
		113746B023439F9C00D9C1AD /* Project object */ = {
			isa = PBXProject;
			attributes = {
				LastSwiftUpdateCheck = 1100;
				LastUpgradeCheck = 1100;
				ORGANIZATIONNAME = "Bow Authors";
				TargetAttributes = {
					113746B823439F9C00D9C1AD = {
						CreatedOnToolsVersion = 11.0;
						LastSwiftMigration = 1100;
					};
					113746C123439F9C00D9C1AD = {
						CreatedOnToolsVersion = 11.0;
						LastSwiftMigration = 1100;
					};
				};
			};
			buildConfigurationList = 113746B323439F9C00D9C1AD /* Build configuration list for PBXProject "bow-meta" */;
			compatibilityVersion = "Xcode 9.3";
			developmentRegion = en;
			hasScannedForEncodings = 0;
			knownRegions = (
				en,
				Base,
			);
			mainGroup = 113746AF23439F9C00D9C1AD;
			packageReferences = (
				113746DA2343A3F500D9C1AD /* XCRemoteSwiftPackageReference "swift-syntax" */,
				113746DD2343A43700D9C1AD /* XCRemoteSwiftPackageReference "bow" */,
				11175E7E23462ED000F26788 /* XCRemoteSwiftPackageReference "swift-snapshot-testing" */,
			);
			productRefGroup = 113746BA23439F9C00D9C1AD /* Products */;
			projectDirPath = "";
			projectRoot = "";
			targets = (
				113746B823439F9C00D9C1AD /* Meta */,
				113746C123439F9C00D9C1AD /* MetaTests */,
			);
		};
/* End PBXProject section */

/* Begin PBXResourcesBuildPhase section */
		113746B723439F9C00D9C1AD /* Resources */ = {
			isa = PBXResourcesBuildPhase;
			buildActionMask = 2147483647;
			files = (
			);
			runOnlyForDeploymentPostprocessing = 0;
		};
		113746C023439F9C00D9C1AD /* Resources */ = {
			isa = PBXResourcesBuildPhase;
			buildActionMask = 2147483647;
			files = (
				1143340C234B401600BFF775 /* README.md in Resources */,
			);
			runOnlyForDeploymentPostprocessing = 0;
		};
/* End PBXResourcesBuildPhase section */

/* Begin PBXSourcesBuildPhase section */
		113746B523439F9C00D9C1AD /* Sources */ = {
			isa = PBXSourcesBuildPhase;
			buildActionMask = 2147483647;
			files = (
				11433412234B439200BFF775 /* FileSystem.swift in Sources */,
				11433423234B50E200BFF775 /* CopyGenerator.swift in Sources */,
				113746E82343A51A00D9C1AD /* ComputedPropertyVisitor.swift in Sources */,
				11433419234B470400BFF775 /* BaseCodeGenerator.swift in Sources */,
				11433417234B468D00BFF775 /* CodeGenerator.swift in Sources */,
				11433415234B45FF00BFF775 /* MacFileSystem.swift in Sources */,
				113746E62343A4ED00D9C1AD /* FieldVisitor.swift in Sources */,
				1143341F234B4F3700BFF775 /* Kleisli.swift in Sources */,
				11433421234B4FAA00BFF775 /* IO.swift in Sources */,
				114333F2234B2AF900BFF775 /* CodegenVisitor.swift in Sources */,
				1143340F234B430C00BFF775 /* Set.swift in Sources */,
				1143341D234B4B4600BFF775 /* SwiftSyntaxCopyGenerator.swift in Sources */,
				113746E42343A47D00D9C1AD /* ImportVisitor.swift in Sources */,
				114333F8234B355800BFF775 /* GenerateCode.swift in Sources */,
				113746EA2343A56D00D9C1AD /* CopyVisitor.swift in Sources */,
			);
			runOnlyForDeploymentPostprocessing = 0;
		};
		113746BE23439F9C00D9C1AD /* Sources */ = {
			isa = PBXSourcesBuildPhase;
			buildActionMask = 2147483647;
			files = (
				119DD09B2344E35400E1E62D /* Author.swift in Sources */,
				119DD0982344E27400E1E62D /* Article.swift in Sources */,
				119DD0A32344E5C100E1E62D /* FieldVisitorTests.swift in Sources */,
				1143340B234B401100BFF775 /* Company.swift in Sources */,
				11175E8323462F1100F26788 /* CopyVisitorTests.swift in Sources */,
				11433406234B3EBA00BFF775 /* testGeneratorMultipleFiles.1.swift in Sources */,
				114333FF234B3E0700BFF775 /* CopyGeneratorTests.swift in Sources */,
				119DD0A72344E7DF00E1E62D /* Field+Equatable.swift in Sources */,
				119DD0A02344E3F100E1E62D /* ImportVisitorTests.swift in Sources */,
				11175E862346310800F26788 /* Snapshotting+Codegen.swift in Sources */,
			);
			runOnlyForDeploymentPostprocessing = 0;
		};
/* End PBXSourcesBuildPhase section */

/* Begin PBXTargetDependency section */
		113746C523439F9C00D9C1AD /* PBXTargetDependency */ = {
			isa = PBXTargetDependency;
			target = 113746B823439F9C00D9C1AD /* Meta */;
			targetProxy = 113746C423439F9C00D9C1AD /* PBXContainerItemProxy */;
		};
/* End PBXTargetDependency section */

/* Begin XCBuildConfiguration section */
		113746CB23439F9C00D9C1AD /* Debug */ = {
			isa = XCBuildConfiguration;
			buildSettings = {
				ALWAYS_SEARCH_USER_PATHS = NO;
				CLANG_ANALYZER_NONNULL = YES;
				CLANG_ANALYZER_NUMBER_OBJECT_CONVERSION = YES_AGGRESSIVE;
				CLANG_CXX_LANGUAGE_STANDARD = "gnu++14";
				CLANG_CXX_LIBRARY = "libc++";
				CLANG_ENABLE_MODULES = YES;
				CLANG_ENABLE_OBJC_ARC = YES;
				CLANG_ENABLE_OBJC_WEAK = YES;
				CLANG_WARN_BLOCK_CAPTURE_AUTORELEASING = YES;
				CLANG_WARN_BOOL_CONVERSION = YES;
				CLANG_WARN_COMMA = YES;
				CLANG_WARN_CONSTANT_CONVERSION = YES;
				CLANG_WARN_DEPRECATED_OBJC_IMPLEMENTATIONS = YES;
				CLANG_WARN_DIRECT_OBJC_ISA_USAGE = YES_ERROR;
				CLANG_WARN_DOCUMENTATION_COMMENTS = YES;
				CLANG_WARN_EMPTY_BODY = YES;
				CLANG_WARN_ENUM_CONVERSION = YES;
				CLANG_WARN_INFINITE_RECURSION = YES;
				CLANG_WARN_INT_CONVERSION = YES;
				CLANG_WARN_NON_LITERAL_NULL_CONVERSION = YES;
				CLANG_WARN_OBJC_IMPLICIT_RETAIN_SELF = YES;
				CLANG_WARN_OBJC_LITERAL_CONVERSION = YES;
				CLANG_WARN_OBJC_ROOT_CLASS = YES_ERROR;
				CLANG_WARN_RANGE_LOOP_ANALYSIS = YES;
				CLANG_WARN_STRICT_PROTOTYPES = YES;
				CLANG_WARN_SUSPICIOUS_MOVE = YES;
				CLANG_WARN_UNGUARDED_AVAILABILITY = YES_AGGRESSIVE;
				CLANG_WARN_UNREACHABLE_CODE = YES;
				CLANG_WARN__DUPLICATE_METHOD_MATCH = YES;
				COPY_PHASE_STRIP = NO;
				CURRENT_PROJECT_VERSION = 1;
				DEBUG_INFORMATION_FORMAT = dwarf;
				ENABLE_STRICT_OBJC_MSGSEND = YES;
				ENABLE_TESTABILITY = YES;
				GCC_C_LANGUAGE_STANDARD = gnu11;
				GCC_DYNAMIC_NO_PIC = NO;
				GCC_NO_COMMON_BLOCKS = YES;
				GCC_OPTIMIZATION_LEVEL = 0;
				GCC_PREPROCESSOR_DEFINITIONS = (
					"DEBUG=1",
					"$(inherited)",
				);
				GCC_WARN_64_TO_32_BIT_CONVERSION = YES;
				GCC_WARN_ABOUT_RETURN_TYPE = YES_ERROR;
				GCC_WARN_UNDECLARED_SELECTOR = YES;
				GCC_WARN_UNINITIALIZED_AUTOS = YES_AGGRESSIVE;
				GCC_WARN_UNUSED_FUNCTION = YES;
				GCC_WARN_UNUSED_VARIABLE = YES;
				MACOSX_DEPLOYMENT_TARGET = 10.14;
				MTL_ENABLE_DEBUG_INFO = INCLUDE_SOURCE;
				MTL_FAST_MATH = YES;
				ONLY_ACTIVE_ARCH = YES;
				SDKROOT = macosx;
				SWIFT_ACTIVE_COMPILATION_CONDITIONS = DEBUG;
				SWIFT_OPTIMIZATION_LEVEL = "-Onone";
				VERSIONING_SYSTEM = "apple-generic";
				VERSION_INFO_PREFIX = "";
			};
			name = Debug;
		};
		113746CC23439F9C00D9C1AD /* Release */ = {
			isa = XCBuildConfiguration;
			buildSettings = {
				ALWAYS_SEARCH_USER_PATHS = NO;
				CLANG_ANALYZER_NONNULL = YES;
				CLANG_ANALYZER_NUMBER_OBJECT_CONVERSION = YES_AGGRESSIVE;
				CLANG_CXX_LANGUAGE_STANDARD = "gnu++14";
				CLANG_CXX_LIBRARY = "libc++";
				CLANG_ENABLE_MODULES = YES;
				CLANG_ENABLE_OBJC_ARC = YES;
				CLANG_ENABLE_OBJC_WEAK = YES;
				CLANG_WARN_BLOCK_CAPTURE_AUTORELEASING = YES;
				CLANG_WARN_BOOL_CONVERSION = YES;
				CLANG_WARN_COMMA = YES;
				CLANG_WARN_CONSTANT_CONVERSION = YES;
				CLANG_WARN_DEPRECATED_OBJC_IMPLEMENTATIONS = YES;
				CLANG_WARN_DIRECT_OBJC_ISA_USAGE = YES_ERROR;
				CLANG_WARN_DOCUMENTATION_COMMENTS = YES;
				CLANG_WARN_EMPTY_BODY = YES;
				CLANG_WARN_ENUM_CONVERSION = YES;
				CLANG_WARN_INFINITE_RECURSION = YES;
				CLANG_WARN_INT_CONVERSION = YES;
				CLANG_WARN_NON_LITERAL_NULL_CONVERSION = YES;
				CLANG_WARN_OBJC_IMPLICIT_RETAIN_SELF = YES;
				CLANG_WARN_OBJC_LITERAL_CONVERSION = YES;
				CLANG_WARN_OBJC_ROOT_CLASS = YES_ERROR;
				CLANG_WARN_RANGE_LOOP_ANALYSIS = YES;
				CLANG_WARN_STRICT_PROTOTYPES = YES;
				CLANG_WARN_SUSPICIOUS_MOVE = YES;
				CLANG_WARN_UNGUARDED_AVAILABILITY = YES_AGGRESSIVE;
				CLANG_WARN_UNREACHABLE_CODE = YES;
				CLANG_WARN__DUPLICATE_METHOD_MATCH = YES;
				COPY_PHASE_STRIP = NO;
				CURRENT_PROJECT_VERSION = 1;
				DEBUG_INFORMATION_FORMAT = "dwarf-with-dsym";
				ENABLE_NS_ASSERTIONS = NO;
				ENABLE_STRICT_OBJC_MSGSEND = YES;
				GCC_C_LANGUAGE_STANDARD = gnu11;
				GCC_NO_COMMON_BLOCKS = YES;
				GCC_WARN_64_TO_32_BIT_CONVERSION = YES;
				GCC_WARN_ABOUT_RETURN_TYPE = YES_ERROR;
				GCC_WARN_UNDECLARED_SELECTOR = YES;
				GCC_WARN_UNINITIALIZED_AUTOS = YES_AGGRESSIVE;
				GCC_WARN_UNUSED_FUNCTION = YES;
				GCC_WARN_UNUSED_VARIABLE = YES;
				MACOSX_DEPLOYMENT_TARGET = 10.14;
				MTL_ENABLE_DEBUG_INFO = NO;
				MTL_FAST_MATH = YES;
				SDKROOT = macosx;
				SWIFT_COMPILATION_MODE = wholemodule;
				SWIFT_OPTIMIZATION_LEVEL = "-O";
				VERSIONING_SYSTEM = "apple-generic";
				VERSION_INFO_PREFIX = "";
			};
			name = Release;
		};
		113746CE23439F9C00D9C1AD /* Debug */ = {
			isa = XCBuildConfiguration;
			buildSettings = {
				CLANG_ENABLE_MODULES = YES;
				CODE_SIGN_STYLE = Automatic;
				COMBINE_HIDPI_IMAGES = YES;
				DEFINES_MODULE = YES;
				DYLIB_COMPATIBILITY_VERSION = 1;
				DYLIB_CURRENT_VERSION = 1;
				DYLIB_INSTALL_NAME_BASE = "@rpath";
				INFOPLIST_FILE = Sources/Meta/Info.plist;
				INSTALL_PATH = "$(LOCAL_LIBRARY_DIR)/Frameworks";
				LD_RUNPATH_SEARCH_PATHS = (
					"$(inherited)",
					"@executable_path/../Frameworks",
					"@loader_path/Frameworks",
				);
				PRODUCT_BUNDLE_IDENTIFIER = "com.bow-swift.bow-meta";
				PRODUCT_NAME = "$(TARGET_NAME:c99extidentifier)";
				SKIP_INSTALL = YES;
				SWIFT_OPTIMIZATION_LEVEL = "-Onone";
				SWIFT_VERSION = 5.0;
			};
			name = Debug;
		};
		113746CF23439F9C00D9C1AD /* Release */ = {
			isa = XCBuildConfiguration;
			buildSettings = {
				CLANG_ENABLE_MODULES = YES;
				CODE_SIGN_STYLE = Automatic;
				COMBINE_HIDPI_IMAGES = YES;
				DEFINES_MODULE = YES;
				DYLIB_COMPATIBILITY_VERSION = 1;
				DYLIB_CURRENT_VERSION = 1;
				DYLIB_INSTALL_NAME_BASE = "@rpath";
				INFOPLIST_FILE = Sources/Meta/Info.plist;
				INSTALL_PATH = "$(LOCAL_LIBRARY_DIR)/Frameworks";
				LD_RUNPATH_SEARCH_PATHS = (
					"$(inherited)",
					"@executable_path/../Frameworks",
					"@loader_path/Frameworks",
				);
				PRODUCT_BUNDLE_IDENTIFIER = "com.bow-swift.bow-meta";
				PRODUCT_NAME = "$(TARGET_NAME:c99extidentifier)";
				SKIP_INSTALL = YES;
				SWIFT_VERSION = 5.0;
			};
			name = Release;
		};
		113746D123439F9C00D9C1AD /* Debug */ = {
			isa = XCBuildConfiguration;
			buildSettings = {
				ALWAYS_EMBED_SWIFT_STANDARD_LIBRARIES = YES;
				CLANG_ENABLE_MODULES = YES;
				CODE_SIGN_STYLE = Automatic;
				COMBINE_HIDPI_IMAGES = YES;
				INFOPLIST_FILE = Tests/MetaTests/Info.plist;
				LD_RUNPATH_SEARCH_PATHS = (
					"$(inherited)",
					"@executable_path/../Frameworks",
					"@loader_path/../Frameworks",
				);
				PRODUCT_BUNDLE_IDENTIFIER = "com.bow-swift.bow-metaTests";
				PRODUCT_NAME = "$(TARGET_NAME)";
				SWIFT_OBJC_BRIDGING_HEADER = "Tests/MetaTests/MetaTests-Bridging-Header.h";
				SWIFT_OPTIMIZATION_LEVEL = "-Onone";
				SWIFT_VERSION = 5.0;
			};
			name = Debug;
		};
		113746D223439F9C00D9C1AD /* Release */ = {
			isa = XCBuildConfiguration;
			buildSettings = {
				ALWAYS_EMBED_SWIFT_STANDARD_LIBRARIES = YES;
				CLANG_ENABLE_MODULES = YES;
				CODE_SIGN_STYLE = Automatic;
				COMBINE_HIDPI_IMAGES = YES;
				INFOPLIST_FILE = Tests/MetaTests/Info.plist;
				LD_RUNPATH_SEARCH_PATHS = (
					"$(inherited)",
					"@executable_path/../Frameworks",
					"@loader_path/../Frameworks",
				);
				PRODUCT_BUNDLE_IDENTIFIER = "com.bow-swift.bow-metaTests";
				PRODUCT_NAME = "$(TARGET_NAME)";
				SWIFT_OBJC_BRIDGING_HEADER = "Tests/MetaTests/MetaTests-Bridging-Header.h";
				SWIFT_VERSION = 5.0;
			};
			name = Release;
		};
/* End XCBuildConfiguration section */

/* Begin XCConfigurationList section */
		113746B323439F9C00D9C1AD /* Build configuration list for PBXProject "bow-meta" */ = {
			isa = XCConfigurationList;
			buildConfigurations = (
				113746CB23439F9C00D9C1AD /* Debug */,
				113746CC23439F9C00D9C1AD /* Release */,
			);
			defaultConfigurationIsVisible = 0;
			defaultConfigurationName = Release;
		};
		113746CD23439F9C00D9C1AD /* Build configuration list for PBXNativeTarget "Meta" */ = {
			isa = XCConfigurationList;
			buildConfigurations = (
				113746CE23439F9C00D9C1AD /* Debug */,
				113746CF23439F9C00D9C1AD /* Release */,
			);
			defaultConfigurationIsVisible = 0;
			defaultConfigurationName = Release;
		};
		113746D023439F9C00D9C1AD /* Build configuration list for PBXNativeTarget "MetaTests" */ = {
			isa = XCConfigurationList;
			buildConfigurations = (
				113746D123439F9C00D9C1AD /* Debug */,
				113746D223439F9C00D9C1AD /* Release */,
			);
			defaultConfigurationIsVisible = 0;
			defaultConfigurationName = Release;
		};
/* End XCConfigurationList section */

/* Begin XCRemoteSwiftPackageReference section */
		11175E7E23462ED000F26788 /* XCRemoteSwiftPackageReference "swift-snapshot-testing" */ = {
			isa = XCRemoteSwiftPackageReference;
			repositoryURL = "https://github.com/pointfreeco/swift-snapshot-testing.git";
			requirement = {
				kind = exactVersion;
				version = 1.6.0;
			};
		};
		113746DA2343A3F500D9C1AD /* XCRemoteSwiftPackageReference "swift-syntax" */ = {
			isa = XCRemoteSwiftPackageReference;
			repositoryURL = "https://github.com/apple/swift-syntax.git";
			requirement = {
				kind = exactVersion;
				version = 0.50000.0;
			};
		};
		113746DD2343A43700D9C1AD /* XCRemoteSwiftPackageReference "bow" */ = {
			isa = XCRemoteSwiftPackageReference;
			repositoryURL = "https://github.com/bow-swift/bow.git";
			requirement = {
				kind = exactVersion;
				version = 0.6.0;
			};
		};
/* End XCRemoteSwiftPackageReference section */

/* Begin XCSwiftPackageProductDependency section */
		11175E7F23462ED000F26788 /* SnapshotTesting */ = {
			isa = XCSwiftPackageProductDependency;
			package = 11175E7E23462ED000F26788 /* XCRemoteSwiftPackageReference "swift-snapshot-testing" */;
			productName = SnapshotTesting;
		};
		113746DB2343A3F500D9C1AD /* SwiftSyntax */ = {
			isa = XCSwiftPackageProductDependency;
			package = 113746DA2343A3F500D9C1AD /* XCRemoteSwiftPackageReference "swift-syntax" */;
			productName = SwiftSyntax;
		};
		113746DE2343A43700D9C1AD /* BowEffects */ = {
			isa = XCSwiftPackageProductDependency;
			package = 113746DD2343A43700D9C1AD /* XCRemoteSwiftPackageReference "bow" */;
			productName = BowEffects;
		};
		113746E02343A43700D9C1AD /* Bow */ = {
			isa = XCSwiftPackageProductDependency;
			package = 113746DD2343A43700D9C1AD /* XCRemoteSwiftPackageReference "bow" */;
			productName = Bow;
		};
/* End XCSwiftPackageProductDependency section */
	};
	rootObject = 113746B023439F9C00D9C1AD /* Project object */;
}
